// !$*UTF8*$!
{
	archiveVersion = 1;
	classes = {
	};
	objectVersion = 56;
	objects = {

/* Begin PBXBuildFile section */
		06038A3B2BD5778F007FFD57 /* AuthorsWorksViewExtension.swift in Sources */ = {isa = PBXBuildFile; fileRef = 06038A3A2BD5778F007FFD57 /* AuthorsWorksViewExtension.swift */; };
		060F93872B5B463400CAACDD /* LibraryCollectionApp.swift in Sources */ = {isa = PBXBuildFile; fileRef = 060F93862B5B463400CAACDD /* LibraryCollectionApp.swift */; };
		060F93892B5B463400CAACDD /* ContentView.swift in Sources */ = {isa = PBXBuildFile; fileRef = 060F93882B5B463400CAACDD /* ContentView.swift */; };
		065C6ED12B90F5CA00208BB4 /* CoAuthorListView.swift in Sources */ = {isa = PBXBuildFile; fileRef = 065C6ECF2B90F5CA00208BB4 /* CoAuthorListView.swift */; };
		065C6ED42B90F66000208BB4 /* NarratorListView.swift in Sources */ = {isa = PBXBuildFile; fileRef = 065C6ED22B90F66000208BB4 /* NarratorListView.swift */; };
		065C6ED52B90F66000208BB4 /* AuthorsWorksView.swift in Sources */ = {isa = PBXBuildFile; fileRef = 065C6ED32B90F66000208BB4 /* AuthorsWorksView.swift */; };
		065C6EEA2B912A8200208BB4 /* CustomButtonStyle.swift in Sources */ = {isa = PBXBuildFile; fileRef = 065C6EE92B912A8200208BB4 /* CustomButtonStyle.swift */; };
		065D3FEC2FB3AC0500213E3C /* oldbigbookshelf-cropped.png in Resources */ = {isa = PBXBuildFile; fileRef = 065D3FEB2FB3AC0500213E3C /* oldbigbookshelf-cropped.png */; };
		068F89A92FB40E0D00700554 /* oldbigbookshelf.jpg in Resources */ = {isa = PBXBuildFile; fileRef = 068F89A82FB40E0D00700554 /* oldbigbookshelf.jpg */; };
		069034402B965C5A00F8FE31 /* SearchResultsExtension.swift in Sources */ = {isa = PBXBuildFile; fileRef = 0690343E2B965C5A00F8FE31 /* SearchResultsExtension.swift */; };
		069034412B965C5A00F8FE31 /* Search.swift in Sources */ = {isa = PBXBuildFile; fileRef = 0690343F2B965C5A00F8FE31 /* Search.swift */; };
		06A36F752BB709D700380DD9 /* LibraryCollection.entitlements in Resources */ = {isa = PBXBuildFile; fileRef = 06A36F742BB709C500380DD9 /* LibraryCollection.entitlements */; };
		06AA402A2BC5858F00E14D1E /* TitleDetailsView.swift in Sources */ = {isa = PBXBuildFile; fileRef = 06AA40292BC5858F00E14D1E /* TitleDetailsView.swift */; };
		06AA402C2BC591CD00E14D1E /* TitleDetailsViewExtension.swift in Sources */ = {isa = PBXBuildFile; fileRef = 06AA402B2BC591CD00E14D1E /* TitleDetailsViewExtension.swift */; };
		06AA402E2BC6CF6500E14D1E /* NarratorView.swift in Sources */ = {isa = PBXBuildFile; fileRef = 06AA402D2BC6CF6500E14D1E /* NarratorView.swift */; };
		06AA40302BC6E22A00E14D1E /* NarratorListViewExtension.swift in Sources */ = {isa = PBXBuildFile; fileRef = 06AA402F2BC6E22A00E14D1E /* NarratorListViewExtension.swift */; };
		06B39BA62FB56124001CF3B3 /* magnifyingglass.svg in Resources */ = {isa = PBXBuildFile; fileRef = 06B39BA52FB56124001CF3B3 /* magnifyingglass.svg */; };
		06C1550D2B5C3354005D2635 /* TitlesView.swift in Sources */ = {isa = PBXBuildFile; fileRef = 06C1550C2B5C3354005D2635 /* TitlesView.swift */; };
		06C155172B5DE714005D2635 /* NameFormatter.swift in Sources */ = {isa = PBXBuildFile; fileRef = 06C155162B5DE714005D2635 /* NameFormatter.swift */; };
		06C1551D2B5EDF1E005D2635 /* Launch Screen.storyboard in Resources */ = {isa = PBXBuildFile; fileRef = 06C1551B2B5EDF1E005D2635 /* Launch Screen.storyboard */; };
		06C1551E2B5EDF1E005D2635 /* Logger.swift in Sources */ = {isa = PBXBuildFile; fileRef = 06C1551C2B5EDF1E005D2635 /* Logger.swift */; };
		06C155282B61B89F005D2635 /* AboutView.swift in Sources */ = {isa = PBXBuildFile; fileRef = 06C155272B61B89F005D2635 /* AboutView.swift */; };
		06C4ED3B2B67F93500F866B3 /* AuthorsListView.swift in Sources */ = {isa = PBXBuildFile; fileRef = 06C4ED3A2B67F93500F866B3 /* AuthorsListView.swift */; };
		06C4ED5C2B6C2DC400F866B3 /* AuthorView.swift in Sources */ = {isa = PBXBuildFile; fileRef = 06C4ED5B2B6C2DC400F866B3 /* AuthorView.swift */; };
		06D32AB82BCF0F4900458EEA /* NarratorsWorksView.swift in Sources */ = {isa = PBXBuildFile; fileRef = 06D32AB72BCF0F4900458EEA /* NarratorsWorksView.swift */; };
		06D32ABA2BCF0F6600458EEA /* NarratorsWorksViewExtension.swift in Sources */ = {isa = PBXBuildFile; fileRef = 06D32AB92BCF0F6600458EEA /* NarratorsWorksViewExtension.swift */; };
		06EBEB682B8FE9FF00CEFC63 /* Persistence.swift in Sources */ = {isa = PBXBuildFile; fileRef = 06EBEB672B8FE9FF00CEFC63 /* Persistence.swift */; };
		06EBEB792B8FF16E00CEFC63 /* Author+CoreDataProperties.swift in Sources */ = {isa = PBXBuildFile; fileRef = 06EBEB6B2B8FF16E00CEFC63 /* Author+CoreDataProperties.swift */; };
		06EBEB7A2B8FF16E00CEFC63 /* TitleDetails+CoreDataClass.swift in Sources */ = {isa = PBXBuildFile; fileRef = 06EBEB6C2B8FF16E00CEFC63 /* TitleDetails+CoreDataClass.swift */; };
		06EBEB7B2B8FF16E00CEFC63 /* Title+CoreDataClass.swift in Sources */ = {isa = PBXBuildFile; fileRef = 06EBEB6D2B8FF16E00CEFC63 /* Title+CoreDataClass.swift */; };
		06EBEB7C2B8FF16E00CEFC63 /* TitleNarrator+CoreDataClass.swift in Sources */ = {isa = PBXBuildFile; fileRef = 06EBEB6E2B8FF16E00CEFC63 /* TitleNarrator+CoreDataClass.swift */; };
		06EBEB7D2B8FF16E00CEFC63 /* TitleAuthor+CoreDataClass.swift in Sources */ = {isa = PBXBuildFile; fileRef = 06EBEB6F2B8FF16E00CEFC63 /* TitleAuthor+CoreDataClass.swift */; };
		06EBEB7E2B8FF16E00CEFC63 /* DataModel.xcdatamodeld in Sources */ = {isa = PBXBuildFile; fileRef = 06EBEB702B8FF16E00CEFC63 /* DataModel.xcdatamodeld */; };
		06EBEB7F2B8FF16E00CEFC63 /* TitleDetails+CoreDataProperties.swift in Sources */ = {isa = PBXBuildFile; fileRef = 06EBEB722B8FF16E00CEFC63 /* TitleDetails+CoreDataProperties.swift */; };
		06EBEB802B8FF16E00CEFC63 /* Author+CoreDataClass.swift in Sources */ = {isa = PBXBuildFile; fileRef = 06EBEB732B8FF16E00CEFC63 /* Author+CoreDataClass.swift */; };
		06EBEB812B8FF16E00CEFC63 /* TitleNarrator+CoreDataProperties.swift in Sources */ = {isa = PBXBuildFile; fileRef = 06EBEB742B8FF16E00CEFC63 /* TitleNarrator+CoreDataProperties.swift */; };
		06EBEB822B8FF16E00CEFC63 /* TitleAuthor+CoreDataProperties.swift in Sources */ = {isa = PBXBuildFile; fileRef = 06EBEB752B8FF16E00CEFC63 /* TitleAuthor+CoreDataProperties.swift */; };
		06EBEB832B8FF16E00CEFC63 /* Title+CoreDataProperties.swift in Sources */ = {isa = PBXBuildFile; fileRef = 06EBEB762B8FF16E00CEFC63 /* Title+CoreDataProperties.swift */; };
		06EBEB842B8FF16E00CEFC63 /* Narrator+CoreDataProperties.swift in Sources */ = {isa = PBXBuildFile; fileRef = 06EBEB772B8FF16E00CEFC63 /* Narrator+CoreDataProperties.swift */; };
		06EBEB852B8FF16E00CEFC63 /* Narrator+CoreDataClass.swift in Sources */ = {isa = PBXBuildFile; fileRef = 06EBEB782B8FF16E00CEFC63 /* Narrator+CoreDataClass.swift */; };
		06EBEB8C2B9007C600CEFC63 /* CoAuthorListViewExtension.swift in Sources */ = {isa = PBXBuildFile; fileRef = 06EBEB882B9007C600CEFC63 /* CoAuthorListViewExtension.swift */; };
		06EBEB8D2B9007C600CEFC63 /* AuthorViewExtension.swift in Sources */ = {isa = PBXBuildFile; fileRef = 06EBEB892B9007C600CEFC63 /* AuthorViewExtension.swift */; };
		06EBEB982B9007F200CEFC63 /* NarratorViewExtension.swift in Sources */ = {isa = PBXBuildFile; fileRef = 06EBEB942B9007F200CEFC63 /* NarratorViewExtension.swift */; };
		06EBEB9A2B9007F200CEFC63 /* TitleViewExtension.swift in Sources */ = {isa = PBXBuildFile; fileRef = 06EBEB962B9007F200CEFC63 /* TitleViewExtension.swift */; };
		06EBEB9B2B9007F200CEFC63 /* StringExtension.swift in Sources */ = {isa = PBXBuildFile; fileRef = 06EBEB972B9007F200CEFC63 /* StringExtension.swift */; };
		06F8D2D82BA8BC9500F04945 /* AuthorsListViewExtension.swift in Sources */ = {isa = PBXBuildFile; fileRef = 06F8D2D72BA8BC9500F04945 /* AuthorsListViewExtension.swift */; };
/* End PBXBuildFile section */

/* Begin PBXFileReference section */
		06038A3A2BD5778F007FFD57 /* AuthorsWorksViewExtension.swift */ = {isa = PBXFileReference; fileEncoding = 4; lastKnownFileType = sourcecode.swift; path = AuthorsWorksViewExtension.swift; sourceTree = "<group>"; };
		060F93832B5B463400CAACDD /* LibraryCollection.app */ = {isa = PBXFileReference; explicitFileType = wrapper.application; includeInIndex = 0; path = LibraryCollection.app; sourceTree = BUILT_PRODUCTS_DIR; };
		060F93862B5B463400CAACDD /* LibraryCollectionApp.swift */ = {isa = PBXFileReference; lastKnownFileType = sourcecode.swift; path = LibraryCollectionApp.swift; sourceTree = "<group>"; };
		060F93882B5B463400CAACDD /* ContentView.swift */ = {isa = PBXFileReference; lastKnownFileType = sourcecode.swift; path = ContentView.swift; sourceTree = "<group>"; };
		060F938F2B5B463500CAACDD /* Preview Assets.xcassets */ = {isa = PBXFileReference; lastKnownFileType = folder.assetcatalog; path = "Preview Assets.xcassets"; sourceTree = "<group>"; };
		060F93922B5B463500CAACDD /* Info.plist */ = {isa = PBXFileReference; lastKnownFileType = text.plist.xml; path = Info.plist; sourceTree = "<group>"; };
		065C6ECF2B90F5CA00208BB4 /* CoAuthorListView.swift */ = {isa = PBXFileReference; fileEncoding = 4; lastKnownFileType = sourcecode.swift; path = CoAuthorListView.swift; sourceTree = "<group>"; };
		065C6ED22B90F66000208BB4 /* NarratorListView.swift */ = {isa = PBXFileReference; fileEncoding = 4; lastKnownFileType = sourcecode.swift; path = NarratorListView.swift; sourceTree = "<group>"; };
		065C6ED32B90F66000208BB4 /* AuthorsWorksView.swift */ = {isa = PBXFileReference; fileEncoding = 4; lastKnownFileType = sourcecode.swift; path = AuthorsWorksView.swift; sourceTree = "<group>"; };
		065C6EE92B912A8200208BB4 /* CustomButtonStyle.swift */ = {isa = PBXFileReference; lastKnownFileType = sourcecode.swift; path = CustomButtonStyle.swift; sourceTree = "<group>"; };
		065D3FEB2FB3AC0500213E3C /* oldbigbookshelf-cropped.png */ = {isa = PBXFileReference; lastKnownFileType = image.png; path = "oldbigbookshelf-cropped.png"; sourceTree = "<group>"; };
		068F89A82FB40E0D00700554 /* oldbigbookshelf.jpg */ = {isa = PBXFileReference; lastKnownFileType = image.jpeg; path = oldbigbookshelf.jpg; sourceTree = "<group>"; };
		0690343E2B965C5A00F8FE31 /* SearchResultsExtension.swift */ = {isa = PBXFileReference; fileEncoding = 4; lastKnownFileType = sourcecode.swift; path = SearchResultsExtension.swift; sourceTree = "<group>"; };
		0690343F2B965C5A00F8FE31 /* Search.swift */ = {isa = PBXFileReference; fileEncoding = 4; lastKnownFileType = sourcecode.swift; path = Search.swift; sourceTree = "<group>"; };
		06A36F742BB709C500380DD9 /* LibraryCollection.entitlements */ = {isa = PBXFileReference; fileEncoding = 4; lastKnownFileType = text.plist.entitlements; path = LibraryCollection.entitlements; sourceTree = SOURCE_ROOT; };
		06AA40292BC5858F00E14D1E /* TitleDetailsView.swift */ = {isa = PBXFileReference; lastKnownFileType = sourcecode.swift; path = TitleDetailsView.swift; sourceTree = "<group>"; };
		06AA402B2BC591CD00E14D1E /* TitleDetailsViewExtension.swift */ = {isa = PBXFileReference; lastKnownFileType = sourcecode.swift; path = TitleDetailsViewExtension.swift; sourceTree = "<group>"; };
		06AA402D2BC6CF6500E14D1E /* NarratorView.swift */ = {isa = PBXFileReference; lastKnownFileType = sourcecode.swift; path = NarratorView.swift; sourceTree = "<group>"; };
		06AA402F2BC6E22A00E14D1E /* NarratorListViewExtension.swift */ = {isa = PBXFileReference; lastKnownFileType = sourcecode.swift; path = NarratorListViewExtension.swift; sourceTree = "<group>"; };
		06B39BA52FB56124001CF3B3 /* magnifyingglass.svg */ = {isa = PBXFileReference; lastKnownFileType = text.xml; path = magnifyingglass.svg; sourceTree = "<group>"; };
		06C1550C2B5C3354005D2635 /* TitlesView.swift */ = {isa = PBXFileReference; lastKnownFileType = sourcecode.swift; path = TitlesView.swift; sourceTree = "<group>"; };
		06C155162B5DE714005D2635 /* NameFormatter.swift */ = {isa = PBXFileReference; fileEncoding = 4; lastKnownFileType = sourcecode.swift; path = NameFormatter.swift; sourceTree = "<group>"; };
		06C1551B2B5EDF1E005D2635 /* Launch Screen.storyboard */ = {isa = PBXFileReference; fileEncoding = 4; lastKnownFileType = file.storyboard; path = "Launch Screen.storyboard"; sourceTree = "<group>"; };
		06C1551C2B5EDF1E005D2635 /* Logger.swift */ = {isa = PBXFileReference; fileEncoding = 4; lastKnownFileType = sourcecode.swift; path = Logger.swift; sourceTree = "<group>"; };
		06C155272B61B89F005D2635 /* AboutView.swift */ = {isa = PBXFileReference; fileEncoding = 4; lastKnownFileType = sourcecode.swift; path = AboutView.swift; sourceTree = "<group>"; };
		06C4ED3A2B67F93500F866B3 /* AuthorsListView.swift */ = {isa = PBXFileReference; lastKnownFileType = sourcecode.swift; path = AuthorsListView.swift; sourceTree = "<group>"; };
		06C4ED5B2B6C2DC400F866B3 /* AuthorView.swift */ = {isa = PBXFileReference; lastKnownFileType = sourcecode.swift; path = AuthorView.swift; sourceTree = "<group>"; };
		06D32AB72BCF0F4900458EEA /* NarratorsWorksView.swift */ = {isa = PBXFileReference; lastKnownFileType = sourcecode.swift; path = NarratorsWorksView.swift; sourceTree = "<group>"; };
		06D32AB92BCF0F6600458EEA /* NarratorsWorksViewExtension.swift */ = {isa = PBXFileReference; lastKnownFileType = sourcecode.swift; path = NarratorsWorksViewExtension.swift; sourceTree = "<group>"; };
		06EBEB672B8FE9FF00CEFC63 /* Persistence.swift */ = {isa = PBXFileReference; fileEncoding = 4; lastKnownFileType = sourcecode.swift; path = Persistence.swift; sourceTree = "<group>"; };
		06EBEB6B2B8FF16E00CEFC63 /* Author+CoreDataProperties.swift */ = {isa = PBXFileReference; fileEncoding = 4; lastKnownFileType = sourcecode.swift; path = "Author+CoreDataProperties.swift"; sourceTree = "<group>"; };
		06EBEB6C2B8FF16E00CEFC63 /* TitleDetails+CoreDataClass.swift */ = {isa = PBXFileReference; fileEncoding = 4; lastKnownFileType = sourcecode.swift; path = "TitleDetails+CoreDataClass.swift"; sourceTree = "<group>"; };
		06EBEB6D2B8FF16E00CEFC63 /* Title+CoreDataClass.swift */ = {isa = PBXFileReference; fileEncoding = 4; lastKnownFileType = sourcecode.swift; path = "Title+CoreDataClass.swift"; sourceTree = "<group>"; };
		06EBEB6E2B8FF16E00CEFC63 /* TitleNarrator+CoreDataClass.swift */ = {isa = PBXFileReference; fileEncoding = 4; lastKnownFileType = sourcecode.swift; path = "TitleNarrator+CoreDataClass.swift"; sourceTree = "<group>"; };
		06EBEB6F2B8FF16E00CEFC63 /* TitleAuthor+CoreDataClass.swift */ = {isa = PBXFileReference; fileEncoding = 4; lastKnownFileType = sourcecode.swift; path = "TitleAuthor+CoreDataClass.swift"; sourceTree = "<group>"; };
		06EBEB712B8FF16E00CEFC63 /* DataModel.xcdatamodel */ = {isa = PBXFileReference; lastKnownFileType = wrapper.xcdatamodel; path = DataModel.xcdatamodel; sourceTree = "<group>"; };
		06EBEB722B8FF16E00CEFC63 /* TitleDetails+CoreDataProperties.swift */ = {isa = PBXFileReference; fileEncoding = 4; lastKnownFileType = sourcecode.swift; path = "TitleDetails+CoreDataProperties.swift"; sourceTree = "<group>"; };
		06EBEB732B8FF16E00CEFC63 /* Author+CoreDataClass.swift */ = {isa = PBXFileReference; fileEncoding = 4; lastKnownFileType = sourcecode.swift; path = "Author+CoreDataClass.swift"; sourceTree = "<group>"; };
		06EBEB742B8FF16E00CEFC63 /* TitleNarrator+CoreDataProperties.swift */ = {isa = PBXFileReference; fileEncoding = 4; lastKnownFileType = sourcecode.swift; path = "TitleNarrator+CoreDataProperties.swift"; sourceTree = "<group>"; };
		06EBEB752B8FF16E00CEFC63 /* TitleAuthor+CoreDataProperties.swift */ = {isa = PBXFileReference; fileEncoding = 4; lastKnownFileType = sourcecode.swift; path = "TitleAuthor+CoreDataProperties.swift"; sourceTree = "<group>"; };
		06EBEB762B8FF16E00CEFC63 /* Title+CoreDataProperties.swift */ = {isa = PBXFileReference; fileEncoding = 4; lastKnownFileType = sourcecode.swift; path = "Title+CoreDataProperties.swift"; sourceTree = "<group>"; };
		06EBEB772B8FF16E00CEFC63 /* Narrator+CoreDataProperties.swift */ = {isa = PBXFileReference; fileEncoding = 4; lastKnownFileType = sourcecode.swift; path = "Narrator+CoreDataProperties.swift"; sourceTree = "<group>"; };
		06EBEB782B8FF16E00CEFC63 /* Narrator+CoreDataClass.swift */ = {isa = PBXFileReference; fileEncoding = 4; lastKnownFileType = sourcecode.swift; path = "Narrator+CoreDataClass.swift"; sourceTree = "<group>"; };
		06EBEB882B9007C600CEFC63 /* CoAuthorListViewExtension.swift */ = {isa = PBXFileReference; fileEncoding = 4; lastKnownFileType = sourcecode.swift; path = CoAuthorListViewExtension.swift; sourceTree = "<group>"; };
		06EBEB892B9007C600CEFC63 /* AuthorViewExtension.swift */ = {isa = PBXFileReference; fileEncoding = 4; lastKnownFileType = sourcecode.swift; path = AuthorViewExtension.swift; sourceTree = "<group>"; };
		06EBEB942B9007F200CEFC63 /* NarratorViewExtension.swift */ = {isa = PBXFileReference; fileEncoding = 4; lastKnownFileType = sourcecode.swift; path = NarratorViewExtension.swift; sourceTree = "<group>"; };
		06EBEB962B9007F200CEFC63 /* TitleViewExtension.swift */ = {isa = PBXFileReference; fileEncoding = 4; lastKnownFileType = sourcecode.swift; path = TitleViewExtension.swift; sourceTree = "<group>"; };
		06EBEB972B9007F200CEFC63 /* StringExtension.swift */ = {isa = PBXFileReference; fileEncoding = 4; lastKnownFileType = sourcecode.swift; path = StringExtension.swift; sourceTree = "<group>"; };
		06F8D2D72BA8BC9500F04945 /* AuthorsListViewExtension.swift */ = {isa = PBXFileReference; lastKnownFileType = sourcecode.swift; path = AuthorsListViewExtension.swift; sourceTree = "<group>"; };
/* End PBXFileReference section */

/* Begin PBXFrameworksBuildPhase section */
		060F93802B5B463400CAACDD /* Frameworks */ = {
			isa = PBXFrameworksBuildPhase;
			buildActionMask = 2147483647;
			files = (
			);
			runOnlyForDeploymentPostprocessing = 0;
		};
/* End PBXFrameworksBuildPhase section */

/* Begin PBXGroup section */
		060F937A2B5B463400CAACDD = {
			isa = PBXGroup;
			children = (
				060F93852B5B463400CAACDD /* LibraryCollection */,
				060F93842B5B463400CAACDD /* Products */,
			);
			sourceTree = "<group>";
		};
		060F93842B5B463400CAACDD /* Products */ = {
			isa = PBXGroup;
			children = (
				060F93832B5B463400CAACDD /* LibraryCollection.app */,
			);
			name = Products;
			sourceTree = "<group>";
		};
		060F93852B5B463400CAACDD /* LibraryCollection */ = {
			isa = PBXGroup;
			children = (
				060F93862B5B463400CAACDD /* LibraryCollectionApp.swift */,
				060F93882B5B463400CAACDD /* ContentView.swift */,
				06C4ED5A2B6C2D9000F866B3 /* Author */,
				06C4ED5D2B6C314300F866B3 /* Books */,
				06C4ED5F2B6C317200F866B3 /* Narrators */,
				0690343D2B965C5A00F8FE31 /* Search */,
				060F93982B5B476200CAACDD /* DataRelated */,
				069034482B9FB3A700F8FE31 /* Helper Files */,
				06A36F742BB709C500380DD9 /* LibraryCollection.entitlements */,
				06C1551B2B5EDF1E005D2635 /* Launch Screen.storyboard */,
				060F93922B5B463500CAACDD /* Info.plist */,
				060F938E2B5B463500CAACDD /* Preview Content */,
			);
			path = LibraryCollection;
			sourceTree = "<group>";
		};
		060F938E2B5B463500CAACDD /* Preview Content */ = {
			isa = PBXGroup;
			children = (
				060F938F2B5B463500CAACDD /* Preview Assets.xcassets */,
				06B39BA52FB56124001CF3B3 /* magnifyingglass.svg */,
				065D3FEB2FB3AC0500213E3C /* oldbigbookshelf-cropped.png */,
				068F89A82FB40E0D00700554 /* oldbigbookshelf.jpg */,
			);
			path = "Preview Content";
			sourceTree = "<group>";
		};
		060F93982B5B476200CAACDD /* DataRelated */ = {
			isa = PBXGroup;
			children = (
				06EBEB672B8FE9FF00CEFC63 /* Persistence.swift */,
				06EBEB6A2B8FF10000CEFC63 /* CoreData */,
			);
			path = DataRelated;
			sourceTree = "<group>";
		};
		0690343D2B965C5A00F8FE31 /* Search */ = {
			isa = PBXGroup;
			children = (
				0690343E2B965C5A00F8FE31 /* SearchResultsExtension.swift */,
				0690343F2B965C5A00F8FE31 /* Search.swift */,
			);
			path = Search;
			sourceTree = "<group>";
		};
		069034482B9FB3A700F8FE31 /* Helper Files */ = {
			isa = PBXGroup;
			children = (
				06C155272B61B89F005D2635 /* AboutView.swift */,
				065C6EE92B912A8200208BB4 /* CustomButtonStyle.swift */,
				06C1551C2B5EDF1E005D2635 /* Logger.swift */,
				06C155162B5DE714005D2635 /* NameFormatter.swift */,
				06EBEB972B9007F200CEFC63 /* StringExtension.swift */,
			);
			path = "Helper Files";
			sourceTree = "<group>";
		};
		06C4ED5A2B6C2D9000F866B3 /* Author */ = {
			isa = PBXGroup;
			children = (
				06C4ED3A2B67F93500F866B3 /* AuthorsListView.swift */,
				06F8D2D72BA8BC9500F04945 /* AuthorsListViewExtension.swift */,
				06C4ED5B2B6C2DC400F866B3 /* AuthorView.swift */,
				06EBEB892B9007C600CEFC63 /* AuthorViewExtension.swift */,
				065C6ECF2B90F5CA00208BB4 /* CoAuthorListView.swift */,
				06EBEB882B9007C600CEFC63 /* CoAuthorListViewExtension.swift */,
				065C6ED32B90F66000208BB4 /* AuthorsWorksView.swift */,
				06038A3A2BD5778F007FFD57 /* AuthorsWorksViewExtension.swift */,
			);
			path = Author;
			sourceTree = "<group>";
		};
		06C4ED5D2B6C314300F866B3 /* Books */ = {
			isa = PBXGroup;
			children = (
				06C1550C2B5C3354005D2635 /* TitlesView.swift */,
				06EBEB962B9007F200CEFC63 /* TitleViewExtension.swift */,
				06AA40292BC5858F00E14D1E /* TitleDetailsView.swift */,
				06AA402B2BC591CD00E14D1E /* TitleDetailsViewExtension.swift */,
			);
			path = Books;
			sourceTree = "<group>";
		};
		06C4ED5F2B6C317200F866B3 /* Narrators */ = {
			isa = PBXGroup;
			children = (
				065C6ED22B90F66000208BB4 /* NarratorListView.swift */,
				06AA402F2BC6E22A00E14D1E /* NarratorListViewExtension.swift */,
				06AA402D2BC6CF6500E14D1E /* NarratorView.swift */,
				06EBEB942B9007F200CEFC63 /* NarratorViewExtension.swift */,
				06D32AB72BCF0F4900458EEA /* NarratorsWorksView.swift */,
				06D32AB92BCF0F6600458EEA /* NarratorsWorksViewExtension.swift */,
			);
			path = Narrators;
			sourceTree = "<group>";
		};
		06EBEB6A2B8FF10000CEFC63 /* CoreData */ = {
			isa = PBXGroup;
			children = (
				06EBEB732B8FF16E00CEFC63 /* Author+CoreDataClass.swift */,
				06EBEB6B2B8FF16E00CEFC63 /* Author+CoreDataProperties.swift */,
				06EBEB702B8FF16E00CEFC63 /* DataModel.xcdatamodeld */,
				06EBEB782B8FF16E00CEFC63 /* Narrator+CoreDataClass.swift */,
				06EBEB772B8FF16E00CEFC63 /* Narrator+CoreDataProperties.swift */,
				06EBEB6D2B8FF16E00CEFC63 /* Title+CoreDataClass.swift */,
				06EBEB762B8FF16E00CEFC63 /* Title+CoreDataProperties.swift */,
				06EBEB6F2B8FF16E00CEFC63 /* TitleAuthor+CoreDataClass.swift */,
				06EBEB752B8FF16E00CEFC63 /* TitleAuthor+CoreDataProperties.swift */,
				06EBEB6C2B8FF16E00CEFC63 /* TitleDetails+CoreDataClass.swift */,
				06EBEB722B8FF16E00CEFC63 /* TitleDetails+CoreDataProperties.swift */,
				06EBEB6E2B8FF16E00CEFC63 /* TitleNarrator+CoreDataClass.swift */,
				06EBEB742B8FF16E00CEFC63 /* TitleNarrator+CoreDataProperties.swift */,
			);
			path = CoreData;
			sourceTree = "<group>";
		};
/* End PBXGroup section */

/* Begin PBXNativeTarget section */
		060F93822B5B463400CAACDD /* LibraryCollection */ = {
			isa = PBXNativeTarget;
			buildConfigurationList = 060F93952B5B463500CAACDD /* Build configuration list for PBXNativeTarget "LibraryCollection" */;
			buildPhases = (
				060F937F2B5B463400CAACDD /* Sources */,
				060F93802B5B463400CAACDD /* Frameworks */,
				060F93812B5B463400CAACDD /* Resources */,
			);
			buildRules = (
			);
			dependencies = (
			);
			name = LibraryCollection;
			productName = LibraryCollectionSwiftData;
			productReference = 060F93832B5B463400CAACDD /* LibraryCollection.app */;
			productType = "com.apple.product-type.application";
		};
/* End PBXNativeTarget section */

/* Begin PBXProject section */
		060F937B2B5B463400CAACDD /* Project object */ = {
			isa = PBXProject;
			attributes = {
				BuildIndependentTargetsInParallel = 1;
				LastSwiftUpdateCheck = 1520;
				LastUpgradeCheck = 2650;
				TargetAttributes = {
					060F93822B5B463400CAACDD = {
						CreatedOnToolsVersion = 15.2;
					};
				};
			};
			buildConfigurationList = 060F937E2B5B463400CAACDD /* Build configuration list for PBXProject "LibraryCollection" */;
			compatibilityVersion = "Xcode 14.0";
			developmentRegion = en;
			hasScannedForEncodings = 0;
			knownRegions = (
				en,
				Base,
			);
			mainGroup = 060F937A2B5B463400CAACDD;
			productRefGroup = 060F93842B5B463400CAACDD /* Products */;
			projectDirPath = "";
			projectRoot = "";
			targets = (
				060F93822B5B463400CAACDD /* LibraryCollection */,
			);
		};
/* End PBXProject section */

/* Begin PBXResourcesBuildPhase section */
		060F93812B5B463400CAACDD /* Resources */ = {
			isa = PBXResourcesBuildPhase;
			buildActionMask = 2147483647;
			files = (
				06B39BA62FB56124001CF3B3 /* magnifyingglass.svg in Resources */,
				06A36F752BB709D700380DD9 /* LibraryCollection.entitlements in Resources */,
				06C1551D2B5EDF1E005D2635 /* Launch Screen.storyboard in Resources */,
				065D3FEC2FB3AC0500213E3C /* oldbigbookshelf-cropped.png in Resources */,
				068F89A92FB40E0D00700554 /* oldbigbookshelf.jpg in Resources */,
			);
			runOnlyForDeploymentPostprocessing = 0;
		};
/* End PBXResourcesBuildPhase section */

/* Begin PBXSourcesBuildPhase section */
		060F937F2B5B463400CAACDD /* Sources */ = {
			isa = PBXSourcesBuildPhase;
			buildActionMask = 2147483647;
			files = (
				06EBEB7E2B8FF16E00CEFC63 /* DataModel.xcdatamodeld in Sources */,
				06EBEB852B8FF16E00CEFC63 /* Narrator+CoreDataClass.swift in Sources */,
				06EBEB842B8FF16E00CEFC63 /* Narrator+CoreDataProperties.swift in Sources */,
				06EBEB7D2B8FF16E00CEFC63 /* TitleAuthor+CoreDataClass.swift in Sources */,
				06EBEB822B8FF16E00CEFC63 /* TitleAuthor+CoreDataProperties.swift in Sources */,
				06EBEB7C2B8FF16E00CEFC63 /* TitleNarrator+CoreDataClass.swift in Sources */,
				06EBEB812B8FF16E00CEFC63 /* TitleNarrator+CoreDataProperties.swift in Sources */,
				06EBEB7A2B8FF16E00CEFC63 /* TitleDetails+CoreDataClass.swift in Sources */,
				06EBEB7F2B8FF16E00CEFC63 /* TitleDetails+CoreDataProperties.swift in Sources */,
				06EBEB7B2B8FF16E00CEFC63 /* Title+CoreDataClass.swift in Sources */,
				06EBEB832B8FF16E00CEFC63 /* Title+CoreDataProperties.swift in Sources */,
				06EBEB802B8FF16E00CEFC63 /* Author+CoreDataClass.swift in Sources */,
				06EBEB792B8FF16E00CEFC63 /* Author+CoreDataProperties.swift in Sources */,
				06EBEB682B8FE9FF00CEFC63 /* Persistence.swift in Sources */,
				060F93892B5B463400CAACDD /* ContentView.swift in Sources */,
				06C4ED3B2B67F93500F866B3 /* AuthorsListView.swift in Sources */,
				06F8D2D82BA8BC9500F04945 /* AuthorsListViewExtension.swift in Sources */,
				06C4ED5C2B6C2DC400F866B3 /* AuthorView.swift in Sources */,
				06EBEB8D2B9007C600CEFC63 /* AuthorViewExtension.swift in Sources */,
				06038A3B2BD5778F007FFD57 /* AuthorsWorksViewExtension.swift in Sources */,
				065C6ED52B90F66000208BB4 /* AuthorsWorksView.swift in Sources */,
				065C6ED12B90F5CA00208BB4 /* CoAuthorListView.swift in Sources */,
				06EBEB8C2B9007C600CEFC63 /* CoAuthorListViewExtension.swift in Sources */,
				06C1550D2B5C3354005D2635 /* TitlesView.swift in Sources */,
				06EBEB9A2B9007F200CEFC63 /* TitleViewExtension.swift in Sources */,
				06AA402A2BC5858F00E14D1E /* TitleDetailsView.swift in Sources */,
				06AA402C2BC591CD00E14D1E /* TitleDetailsViewExtension.swift in Sources */,
				06AA402E2BC6CF6500E14D1E /* NarratorView.swift in Sources */,
				06EBEB982B9007F200CEFC63 /* NarratorViewExtension.swift in Sources */,
				065C6ED42B90F66000208BB4 /* NarratorListView.swift in Sources */,
				06D32ABA2BCF0F6600458EEA /* NarratorsWorksViewExtension.swift in Sources */,
				06AA40302BC6E22A00E14D1E /* NarratorListViewExtension.swift in Sources */,
				069034412B965C5A00F8FE31 /* Search.swift in Sources */,
				06D32AB82BCF0F4900458EEA /* NarratorsWorksView.swift in Sources */,
				069034402B965C5A00F8FE31 /* SearchResultsExtension.swift in Sources */,
				060F93872B5B463400CAACDD /* LibraryCollectionApp.swift in Sources */,
				06C155282B61B89F005D2635 /* AboutView.swift in Sources */,
				06C155172B5DE714005D2635 /* NameFormatter.swift in Sources */,
				06C1551E2B5EDF1E005D2635 /* Logger.swift in Sources */,
				065C6EEA2B912A8200208BB4 /* CustomButtonStyle.swift in Sources */,
				06EBEB9B2B9007F200CEFC63 /* StringExtension.swift in Sources */,
			);
			runOnlyForDeploymentPostprocessing = 0;
		};
/* End PBXSourcesBuildPhase section */

/* Begin XCBuildConfiguration section */
		060F93932B5B463500CAACDD /* Debug */ = {
			isa = XCBuildConfiguration;
			buildSettings = {
				ALWAYS_SEARCH_USER_PATHS = NO;
				ASSETCATALOG_COMPILER_GENERATE_SWIFT_ASSET_SYMBOL_EXTENSIONS = YES;
				CLANG_ANALYZER_NONNULL = YES;
				CLANG_ANALYZER_NUMBER_OBJECT_CONVERSION = YES_AGGRESSIVE;
				CLANG_CXX_LANGUAGE_STANDARD = "gnu++20";
				CLANG_ENABLE_MODULES = YES;
				CLANG_ENABLE_OBJC_ARC = YES;
				CLANG_ENABLE_OBJC_WEAK = YES;
				CLANG_WARN_BLOCK_CAPTURE_AUTORELEASING = YES;
				CLANG_WARN_BOOL_CONVERSION = YES;
				CLANG_WARN_COMMA = YES;
				CLANG_WARN_CONSTANT_CONVERSION = YES;
				CLANG_WARN_DEPRECATED_OBJC_IMPLEMENTATIONS = YES;
				CLANG_WARN_DIRECT_OBJC_ISA_USAGE = YES_ERROR;
				CLANG_WARN_DOCUMENTATION_COMMENTS = YES;
				CLANG_WARN_EMPTY_BODY = YES;
				CLANG_WARN_ENUM_CONVERSION = YES;
				CLANG_WARN_INFINITE_RECURSION = YES;
				CLANG_WARN_INT_CONVERSION = YES;
				CLANG_WARN_NON_LITERAL_NULL_CONVERSION = YES;
				CLANG_WARN_OBJC_IMPLICIT_RETAIN_SELF = YES;
				CLANG_WARN_OBJC_LITERAL_CONVERSION = YES;
				CLANG_WARN_OBJC_ROOT_CLASS = YES_ERROR;
				CLANG_WARN_QUOTED_INCLUDE_IN_FRAMEWORK_HEADER = YES;
				CLANG_WARN_RANGE_LOOP_ANALYSIS = YES;
				CLANG_WARN_STRICT_PROTOTYPES = YES;
				CLANG_WARN_SUSPICIOUS_MOVE = YES;
				CLANG_WARN_UNGUARDED_AVAILABILITY = YES_AGGRESSIVE;
				CLANG_WARN_UNREACHABLE_CODE = YES;
				CLANG_WARN__DUPLICATE_METHOD_MATCH = YES;
				COPY_PHASE_STRIP = NO;
				DEBUG_INFORMATION_FORMAT = dwarf;
				DEVELOPMENT_TEAM = X5W96NXHAE;
				ENABLE_STRICT_OBJC_MSGSEND = YES;
				ENABLE_TESTABILITY = YES;
				ENABLE_USER_SCRIPT_SANDBOXING = YES;
				GCC_C_LANGUAGE_STANDARD = gnu17;
				GCC_DYNAMIC_NO_PIC = NO;
				GCC_NO_COMMON_BLOCKS = YES;
				GCC_OPTIMIZATION_LEVEL = 0;
				GCC_PREPROCESSOR_DEFINITIONS = (
					"DEBUG=1",
					"$(inherited)",
				);
				GCC_WARN_64_TO_32_BIT_CONVERSION = YES;
				GCC_WARN_ABOUT_RETURN_TYPE = YES_ERROR;
				GCC_WARN_UNDECLARED_SELECTOR = YES;
				GCC_WARN_UNINITIALIZED_AUTOS = YES_AGGRESSIVE;
				GCC_WARN_UNUSED_FUNCTION = YES;
				GCC_WARN_UNUSED_VARIABLE = YES;
				INFOPLIST_KEY_LSApplicationCategoryType = "public.app-category.lifestyle";
				IPHONEOS_DEPLOYMENT_TARGET = 17.2;
				LOCALIZATION_PREFERS_STRING_CATALOGS = YES;
				MTL_ENABLE_DEBUG_INFO = INCLUDE_SOURCE;
				MTL_FAST_MATH = YES;
				ONLY_ACTIVE_ARCH = YES;
				SDKROOT = iphoneos;
				STRING_CATALOG_GENERATE_SYMBOLS = YES;
				SWIFT_ACTIVE_COMPILATION_CONDITIONS = "DEBUG $(inherited)";
				SWIFT_OPTIMIZATION_LEVEL = "-Onone";
			};
			name = Debug;
		};
		060F93942B5B463500CAACDD /* Release */ = {
			isa = XCBuildConfiguration;
			buildSettings = {
				ALWAYS_SEARCH_USER_PATHS = NO;
				ASSETCATALOG_COMPILER_GENERATE_SWIFT_ASSET_SYMBOL_EXTENSIONS = YES;
				CLANG_ANALYZER_NONNULL = YES;
				CLANG_ANALYZER_NUMBER_OBJECT_CONVERSION = YES_AGGRESSIVE;
				CLANG_CXX_LANGUAGE_STANDARD = "gnu++20";
				CLANG_ENABLE_MODULES = YES;
				CLANG_ENABLE_OBJC_ARC = YES;
				CLANG_ENABLE_OBJC_WEAK = YES;
				CLANG_WARN_BLOCK_CAPTURE_AUTORELEASING = YES;
				CLANG_WARN_BOOL_CONVERSION = YES;
				CLANG_WARN_COMMA = YES;
				CLANG_WARN_CONSTANT_CONVERSION = YES;
				CLANG_WARN_DEPRECATED_OBJC_IMPLEMENTATIONS = YES;
				CLANG_WARN_DIRECT_OBJC_ISA_USAGE = YES_ERROR;
				CLANG_WARN_DOCUMENTATION_COMMENTS = YES;
				CLANG_WARN_EMPTY_BODY = YES;
				CLANG_WARN_ENUM_CONVERSION = YES;
				CLANG_WARN_INFINITE_RECURSION = YES;
				CLANG_WARN_INT_CONVERSION = YES;
				CLANG_WARN_NON_LITERAL_NULL_CONVERSION = YES;
				CLANG_WARN_OBJC_IMPLICIT_RETAIN_SELF = YES;
				CLANG_WARN_OBJC_LITERAL_CONVERSION = YES;
				CLANG_WARN_OBJC_ROOT_CLASS = YES_ERROR;
				CLANG_WARN_QUOTED_INCLUDE_IN_FRAMEWORK_HEADER = YES;
				CLANG_WARN_RANGE_LOOP_ANALYSIS = YES;
				CLANG_WARN_STRICT_PROTOTYPES = YES;
				CLANG_WARN_SUSPICIOUS_MOVE = YES;
				CLANG_WARN_UNGUARDED_AVAILABILITY = YES_AGGRESSIVE;
				CLANG_WARN_UNREACHABLE_CODE = YES;
				CLANG_WARN__DUPLICATE_METHOD_MATCH = YES;
				COPY_PHASE_STRIP = NO;
				DEBUG_INFORMATION_FORMAT = "dwarf-with-dsym";
				DEVELOPMENT_TEAM = X5W96NXHAE;
				ENABLE_NS_ASSERTIONS = NO;
				ENABLE_STRICT_OBJC_MSGSEND = YES;
				ENABLE_USER_SCRIPT_SANDBOXING = YES;
				GCC_C_LANGUAGE_STANDARD = gnu17;
				GCC_NO_COMMON_BLOCKS = YES;
				GCC_WARN_64_TO_32_BIT_CONVERSION = YES;
				GCC_WARN_ABOUT_RETURN_TYPE = YES_ERROR;
				GCC_WARN_UNDECLARED_SELECTOR = YES;
				GCC_WARN_UNINITIALIZED_AUTOS = YES_AGGRESSIVE;
				GCC_WARN_UNUSED_FUNCTION = YES;
				GCC_WARN_UNUSED_VARIABLE = YES;
				INFOPLIST_KEY_LSApplicationCategoryType = "public.app-category.lifestyle";
				IPHONEOS_DEPLOYMENT_TARGET = 17.2;
				LOCALIZATION_PREFERS_STRING_CATALOGS = YES;
				MTL_ENABLE_DEBUG_INFO = NO;
				MTL_FAST_MATH = YES;
				SDKROOT = iphoneos;
				STRING_CATALOG_GENERATE_SYMBOLS = YES;
				SWIFT_COMPILATION_MODE = wholemodule;
				VALIDATE_PRODUCT = YES;
			};
			name = Release;
		};
		060F93962B5B463500CAACDD /* Debug */ = {
			isa = XCBuildConfiguration;
			buildSettings = {
				ASSETCATALOG_COMPILER_APPICON_NAME = AppIcon;
				ASSETCATALOG_COMPILER_GLOBAL_ACCENT_COLOR_NAME = AccentColor;
				ASSETCATALOG_COMPILER_INCLUDE_ALL_APPICON_ASSETS = YES;
				CODE_SIGN_ENTITLEMENTS = LibraryCollection/LibraryCollection.entitlements;
				CODE_SIGN_IDENTITY = "Apple Development";
				CODE_SIGN_STYLE = Automatic;
				CURRENT_PROJECT_VERSION = 43;
				DEVELOPMENT_ASSET_PATHS = "\"LibraryCollection/Preview Content\"";
				DEVELOPMENT_TEAM = X5W96NXHAE;
				ENABLE_APP_SANDBOX = YES;
				ENABLE_PREVIEWS = YES;
				ENABLE_USER_SELECTED_FILES = readonly;
				GENERATE_INFOPLIST_FILE = YES;
				INFOPLIST_FILE = LibraryCollection/Info.plist;
				INFOPLIST_KEY_CFBundleDisplayName = LibraryCollection;
				INFOPLIST_KEY_LSApplicationCategoryType = "public.app-category.lifestyle";
				INFOPLIST_KEY_UIApplicationSceneManifest_Generation = YES;
				INFOPLIST_KEY_UIApplicationSupportsIndirectInputEvents = YES;
				INFOPLIST_KEY_UILaunchScreen_Generation = YES;
				INFOPLIST_KEY_UILaunchStoryboardName = "Launch Screen.storyboard";
				INFOPLIST_KEY_UISupportedInterfaceOrientations = "UIInterfaceOrientationLandscapeLeft UIInterfaceOrientationLandscapeRight UIInterfaceOrientationPortrait UIInterfaceOrientationPortraitUpsideDown";
				IPHONEOS_DEPLOYMENT_TARGET = 17.0;
				LD_RUNPATH_SEARCH_PATHS = (
					"$(inherited)",
					"@executable_path/Frameworks",
				);
				MARKETING_VERSION = 3.1.1;
				PRODUCT_BUNDLE_IDENTIFIER = com.RiverThree.LC;
				PRODUCT_NAME = "$(TARGET_NAME)";
				PROVISIONING_PROFILE_SPECIFIER = "";
				SUPPORTED_PLATFORMS = "iphoneos iphonesimulator";
				SUPPORTS_MACCATALYST = NO;
				SUPPORTS_MAC_DESIGNED_FOR_IPHONE_IPAD = NO;
				SUPPORTS_XR_DESIGNED_FOR_IPHONE_IPAD = NO;
				SWIFT_EMIT_LOC_STRINGS = YES;
				SWIFT_VERSION = 5.0;
				TARGETED_DEVICE_FAMILY = "1,2";
				TVOS_DEPLOYMENT_TARGET = 17.0;
			};
			name = Debug;
		};
		060F93972B5B463500CAACDD /* Release */ = {
			isa = XCBuildConfiguration;
			buildSettings = {
				ASSETCATALOG_COMPILER_APPICON_NAME = AppIcon;
				ASSETCATALOG_COMPILER_GLOBAL_ACCENT_COLOR_NAME = AccentColor;
				ASSETCATALOG_COMPILER_INCLUDE_ALL_APPICON_ASSETS = YES;
				CODE_SIGN_ENTITLEMENTS = LibraryCollection/LibraryCollection.entitlements;
				CODE_SIGN_IDENTITY = "Apple Development";
				CODE_SIGN_STYLE = Automatic;
				CURRENT_PROJECT_VERSION = 43;
				DEVELOPMENT_ASSET_PATHS = "\"LibraryCollection/Preview Content\"";
				DEVELOPMENT_TEAM = X5W96NXHAE;
				ENABLE_APP_SANDBOX = YES;
				ENABLE_PREVIEWS = YES;
				ENABLE_USER_SELECTED_FILES = readonly;
				GENERATE_INFOPLIST_FILE = YES;
				INFOPLIST_FILE = LibraryCollection/Info.plist;
				INFOPLIST_KEY_CFBundleDisplayName = LibraryCollection;
				INFOPLIST_KEY_LSApplicationCategoryType = "public.app-category.lifestyle";
				INFOPLIST_KEY_UIApplicationSceneManifest_Generation = YES;
				INFOPLIST_KEY_UIApplicationSupportsIndirectInputEvents = YES;
				INFOPLIST_KEY_UILaunchScreen_Generation = YES;
				INFOPLIST_KEY_UILaunchStoryboardName = "Launch Screen.storyboard";
				INFOPLIST_KEY_UISupportedInterfaceOrientations = "UIInterfaceOrientationLandscapeLeft UIInterfaceOrientationLandscapeRight UIInterfaceOrientationPortrait UIInterfaceOrientationPortraitUpsideDown";
				IPHONEOS_DEPLOYMENT_TARGET = 17.0;
				LD_RUNPATH_SEARCH_PATHS = (
					"$(inherited)",
					"@executable_path/Frameworks",
				);
				MARKETING_VERSION = 3.1.1;
				PRODUCT_BUNDLE_IDENTIFIER = com.RiverThree.LC;
				PRODUCT_NAME = "$(TARGET_NAME)";
				PROVISIONING_PROFILE_SPECIFIER = "";
				SUPPORTED_PLATFORMS = "iphoneos iphonesimulator";
				SUPPORTS_MACCATALYST = NO;
				SUPPORTS_MAC_DESIGNED_FOR_IPHONE_IPAD = NO;
				SUPPORTS_XR_DESIGNED_FOR_IPHONE_IPAD = NO;
				SWIFT_EMIT_LOC_STRINGS = YES;
				SWIFT_VERSION = 5.0;
				TARGETED_DEVICE_FAMILY = "1,2";
				TVOS_DEPLOYMENT_TARGET = 17.0;
			};
			name = Release;
		};
/* End XCBuildConfiguration section */

/* Begin XCConfigurationList section */
		060F937E2B5B463400CAACDD /* Build configuration list for PBXProject "LibraryCollection" */ = {
			isa = XCConfigurationList;
			buildConfigurations = (
				060F93932B5B463500CAACDD /* Debug */,
				060F93942B5B463500CAACDD /* Release */,
			);
			defaultConfigurationIsVisible = 0;
			defaultConfigurationName = Release;
		};
		060F93952B5B463500CAACDD /* Build configuration list for PBXNativeTarget "LibraryCollection" */ = {
			isa = XCConfigurationList;
			buildConfigurations = (
				060F93962B5B463500CAACDD /* Debug */,
				060F93972B5B463500CAACDD /* Release */,
			);
			defaultConfigurationIsVisible = 0;
			defaultConfigurationName = Release;
		};
/* End XCConfigurationList section */

/* Begin XCVersionGroup section */
		06EBEB702B8FF16E00CEFC63 /* DataModel.xcdatamodeld */ = {
			isa = XCVersionGroup;
			children = (
				06EBEB712B8FF16E00CEFC63 /* DataModel.xcdatamodel */,
			);
			currentVersion = 06EBEB712B8FF16E00CEFC63 /* DataModel.xcdatamodel */;
			path = DataModel.xcdatamodeld;
			sourceTree = "<group>";
			versionGroupType = wrapper.xcdatamodel;
		};
/* End XCVersionGroup section */
	};
	rootObject = 060F937B2B5B463400CAACDD /* Project object */;
}
