// !$*UTF8*$!
{
	archiveVersion = 1;
	classes = {
	};
	objectVersion = 56;
	objects = {

/* Begin PBXBuildFile section */
		060F93872B5B463400CAACDD /* LibraryCollection3App.swift in Sources */ = {isa = PBXBuildFile; fileRef = 060F93862B5B463400CAACDD /* LibraryCollection3App.swift */; };
		060F93892B5B463400CAACDD /* ContentView.swift in Sources */ = {isa = PBXBuildFile; fileRef = 060F93882B5B463400CAACDD /* ContentView.swift */; };
		060F938D2B5B463500CAACDD /* Assets.xcassets in Resources */ = {isa = PBXBuildFile; fileRef = 060F938C2B5B463500CAACDD /* Assets.xcassets */; };
		060F93902B5B463500CAACDD /* Preview Assets.xcassets in Resources */ = {isa = PBXBuildFile; fileRef = 060F938F2B5B463500CAACDD /* Preview Assets.xcassets */; };
		065C6ED02B90F5CA00208BB4 /* AddNarratorView.swift in Sources */ = {isa = PBXBuildFile; fileRef = 065C6ECE2B90F5CA00208BB4 /* AddNarratorView.swift */; };
		065C6ED12B90F5CA00208BB4 /* AddCoAuthorView.swift in Sources */ = {isa = PBXBuildFile; fileRef = 065C6ECF2B90F5CA00208BB4 /* AddCoAuthorView.swift */; };
		065C6ED42B90F66000208BB4 /* NarratorListView.swift in Sources */ = {isa = PBXBuildFile; fileRef = 065C6ED22B90F66000208BB4 /* NarratorListView.swift */; };
		065C6ED52B90F66000208BB4 /* AuthorsWorksView.swift in Sources */ = {isa = PBXBuildFile; fileRef = 065C6ED32B90F66000208BB4 /* AuthorsWorksView.swift */; };
		065C6ED92B90F79A00208BB4 /* EditNarrator.swift in Sources */ = {isa = PBXBuildFile; fileRef = 065C6ED82B90F79A00208BB4 /* EditNarrator.swift */; };
		065C6EDB2B90F82D00208BB4 /* EditTitleDetails.swift in Sources */ = {isa = PBXBuildFile; fileRef = 065C6EDA2B90F82D00208BB4 /* EditTitleDetails.swift */; };
		065C6EDD2B90F89B00208BB4 /* AddTitleDetailsView.swift in Sources */ = {isa = PBXBuildFile; fileRef = 065C6EDC2B90F89B00208BB4 /* AddTitleDetailsView.swift */; };
		065C6EEA2B912A8200208BB4 /* CustomButtonStyle.swift in Sources */ = {isa = PBXBuildFile; fileRef = 065C6EE92B912A8200208BB4 /* CustomButtonStyle.swift */; };
		069034402B965C5A00F8FE31 /* SearchResultsExtension.swift in Sources */ = {isa = PBXBuildFile; fileRef = 0690343E2B965C5A00F8FE31 /* SearchResultsExtension.swift */; };
		069034412B965C5A00F8FE31 /* Search.swift in Sources */ = {isa = PBXBuildFile; fileRef = 0690343F2B965C5A00F8FE31 /* Search.swift */; };
		069034452B9F87E000F8FE31 /* CoAuthorsAndNarratorsView.swift in Sources */ = {isa = PBXBuildFile; fileRef = 069034442B9F87E000F8FE31 /* CoAuthorsAndNarratorsView.swift */; };
		069034472B9F8AFE00F8FE31 /* CoAuthorsAndNarratorsExtension.swift in Sources */ = {isa = PBXBuildFile; fileRef = 069034462B9F8AFE00F8FE31 /* CoAuthorsAndNarratorsExtension.swift */; };
		06C1550D2B5C3354005D2635 /* TitlesView.swift in Sources */ = {isa = PBXBuildFile; fileRef = 06C1550C2B5C3354005D2635 /* TitlesView.swift */; };
		06C155172B5DE714005D2635 /* NameFormatter.swift in Sources */ = {isa = PBXBuildFile; fileRef = 06C155162B5DE714005D2635 /* NameFormatter.swift */; };
		06C1551D2B5EDF1E005D2635 /* Launch Screen.storyboard in Resources */ = {isa = PBXBuildFile; fileRef = 06C1551B2B5EDF1E005D2635 /* Launch Screen.storyboard */; };
		06C1551E2B5EDF1E005D2635 /* Logger.swift in Sources */ = {isa = PBXBuildFile; fileRef = 06C1551C2B5EDF1E005D2635 /* Logger.swift */; };
		06C155282B61B89F005D2635 /* About.swift in Sources */ = {isa = PBXBuildFile; fileRef = 06C155272B61B89F005D2635 /* About.swift */; };
		06C1552A2B61BB59005D2635 /* EditAuthorView.swift in Sources */ = {isa = PBXBuildFile; fileRef = 06C155292B61BB59005D2635 /* EditAuthorView.swift */; };
		06C4ED3B2B67F93500F866B3 /* AuthorsView.swift in Sources */ = {isa = PBXBuildFile; fileRef = 06C4ED3A2B67F93500F866B3 /* AuthorsView.swift */; };
		06C4ED5C2B6C2DC400F866B3 /* NewAuthorView.swift in Sources */ = {isa = PBXBuildFile; fileRef = 06C4ED5B2B6C2DC400F866B3 /* NewAuthorView.swift */; };
		06EBEB682B8FE9FF00CEFC63 /* Persistence.swift in Sources */ = {isa = PBXBuildFile; fileRef = 06EBEB672B8FE9FF00CEFC63 /* Persistence.swift */; };
		06EBEB792B8FF16E00CEFC63 /* Author+CoreDataProperties.swift in Sources */ = {isa = PBXBuildFile; fileRef = 06EBEB6B2B8FF16E00CEFC63 /* Author+CoreDataProperties.swift */; };
		06EBEB7A2B8FF16E00CEFC63 /* TitleDetails+CoreDataClass.swift in Sources */ = {isa = PBXBuildFile; fileRef = 06EBEB6C2B8FF16E00CEFC63 /* TitleDetails+CoreDataClass.swift */; };
		06EBEB7B2B8FF16E00CEFC63 /* Title+CoreDataClass.swift in Sources */ = {isa = PBXBuildFile; fileRef = 06EBEB6D2B8FF16E00CEFC63 /* Title+CoreDataClass.swift */; };
		06EBEB7C2B8FF16E00CEFC63 /* TitleNarrator+CoreDataClass.swift in Sources */ = {isa = PBXBuildFile; fileRef = 06EBEB6E2B8FF16E00CEFC63 /* TitleNarrator+CoreDataClass.swift */; };
		06EBEB7D2B8FF16E00CEFC63 /* TitleAuthor+CoreDataClass.swift in Sources */ = {isa = PBXBuildFile; fileRef = 06EBEB6F2B8FF16E00CEFC63 /* TitleAuthor+CoreDataClass.swift */; };
		06EBEB7E2B8FF16E00CEFC63 /* DataModel.xcdatamodeld in Sources */ = {isa = PBXBuildFile; fileRef = 06EBEB702B8FF16E00CEFC63 /* DataModel.xcdatamodeld */; };
		06EBEB7F2B8FF16E00CEFC63 /* TitleDetails+CoreDataProperties.swift in Sources */ = {isa = PBXBuildFile; fileRef = 06EBEB722B8FF16E00CEFC63 /* TitleDetails+CoreDataProperties.swift */; };
		06EBEB802B8FF16E00CEFC63 /* Author+CoreDataClass.swift in Sources */ = {isa = PBXBuildFile; fileRef = 06EBEB732B8FF16E00CEFC63 /* Author+CoreDataClass.swift */; };
		06EBEB812B8FF16E00CEFC63 /* TitleNarrator+CoreDataProperties.swift in Sources */ = {isa = PBXBuildFile; fileRef = 06EBEB742B8FF16E00CEFC63 /* TitleNarrator+CoreDataProperties.swift */; };
		06EBEB822B8FF16E00CEFC63 /* TitleAuthor+CoreDataProperties.swift in Sources */ = {isa = PBXBuildFile; fileRef = 06EBEB752B8FF16E00CEFC63 /* TitleAuthor+CoreDataProperties.swift */; };
		06EBEB832B8FF16E00CEFC63 /* Title+CoreDataProperties.swift in Sources */ = {isa = PBXBuildFile; fileRef = 06EBEB762B8FF16E00CEFC63 /* Title+CoreDataProperties.swift */; };
		06EBEB842B8FF16E00CEFC63 /* Narrator+CoreDataProperties.swift in Sources */ = {isa = PBXBuildFile; fileRef = 06EBEB772B8FF16E00CEFC63 /* Narrator+CoreDataProperties.swift */; };
		06EBEB852B8FF16E00CEFC63 /* Narrator+CoreDataClass.swift in Sources */ = {isa = PBXBuildFile; fileRef = 06EBEB782B8FF16E00CEFC63 /* Narrator+CoreDataClass.swift */; };
		06EBEB8A2B9007C600CEFC63 /* AddTitleDetailsViewExtension.swift in Sources */ = {isa = PBXBuildFile; fileRef = 06EBEB862B9007C600CEFC63 /* AddTitleDetailsViewExtension.swift */; };
		06EBEB8B2B9007C600CEFC63 /* AddNarratorExtension.swift in Sources */ = {isa = PBXBuildFile; fileRef = 06EBEB872B9007C600CEFC63 /* AddNarratorExtension.swift */; };
		06EBEB8C2B9007C600CEFC63 /* AddCoAuthorExtension.swift in Sources */ = {isa = PBXBuildFile; fileRef = 06EBEB882B9007C600CEFC63 /* AddCoAuthorExtension.swift */; };
		06EBEB8D2B9007C600CEFC63 /* NewAuthorExtension.swift in Sources */ = {isa = PBXBuildFile; fileRef = 06EBEB892B9007C600CEFC63 /* NewAuthorExtension.swift */; };
		06EBEB912B9007DA00CEFC63 /* EditTitleDetailsExtension.swift in Sources */ = {isa = PBXBuildFile; fileRef = 06EBEB8E2B9007DA00CEFC63 /* EditTitleDetailsExtension.swift */; };
		06EBEB922B9007DA00CEFC63 /* EditNarratorExtension.swift in Sources */ = {isa = PBXBuildFile; fileRef = 06EBEB8F2B9007DA00CEFC63 /* EditNarratorExtension.swift */; };
		06EBEB932B9007DA00CEFC63 /* EditAuthorExtension.swift in Sources */ = {isa = PBXBuildFile; fileRef = 06EBEB902B9007DA00CEFC63 /* EditAuthorExtension.swift */; };
		06EBEB982B9007F200CEFC63 /* NarratorExtension.swift in Sources */ = {isa = PBXBuildFile; fileRef = 06EBEB942B9007F200CEFC63 /* NarratorExtension.swift */; };
		06EBEB992B9007F200CEFC63 /* AuthorsWorksViewExtension.swift in Sources */ = {isa = PBXBuildFile; fileRef = 06EBEB952B9007F200CEFC63 /* AuthorsWorksViewExtension.swift */; };
		06EBEB9A2B9007F200CEFC63 /* TitleViewExtension.swift in Sources */ = {isa = PBXBuildFile; fileRef = 06EBEB962B9007F200CEFC63 /* TitleViewExtension.swift */; };
		06EBEB9B2B9007F200CEFC63 /* StringExtension.swift in Sources */ = {isa = PBXBuildFile; fileRef = 06EBEB972B9007F200CEFC63 /* StringExtension.swift */; };
		06F8D2D82BA8BC9500F04945 /* AuthorsViewExtension.swift in Sources */ = {isa = PBXBuildFile; fileRef = 06F8D2D72BA8BC9500F04945 /* AuthorsViewExtension.swift */; };
/* End PBXBuildFile section */

/* Begin PBXFileReference section */
		060F93832B5B463400CAACDD /* LibraryCollection3.app */ = {isa = PBXFileReference; explicitFileType = wrapper.application; includeInIndex = 0; path = LibraryCollection3.app; sourceTree = BUILT_PRODUCTS_DIR; };
		060F93862B5B463400CAACDD /* LibraryCollection3App.swift */ = {isa = PBXFileReference; lastKnownFileType = sourcecode.swift; path = LibraryCollection3App.swift; sourceTree = "<group>"; };
		060F93882B5B463400CAACDD /* ContentView.swift */ = {isa = PBXFileReference; lastKnownFileType = sourcecode.swift; path = ContentView.swift; sourceTree = "<group>"; };
		060F938C2B5B463500CAACDD /* Assets.xcassets */ = {isa = PBXFileReference; lastKnownFileType = folder.assetcatalog; path = Assets.xcassets; sourceTree = "<group>"; };
		060F938F2B5B463500CAACDD /* Preview Assets.xcassets */ = {isa = PBXFileReference; lastKnownFileType = folder.assetcatalog; path = "Preview Assets.xcassets"; sourceTree = "<group>"; };
		060F93912B5B463500CAACDD /* LibraryCollection3.entitlements */ = {isa = PBXFileReference; lastKnownFileType = text.plist.entitlements; path = LibraryCollection3.entitlements; sourceTree = "<group>"; };
		060F93922B5B463500CAACDD /* Info.plist */ = {isa = PBXFileReference; lastKnownFileType = text.plist.xml; path = Info.plist; sourceTree = "<group>"; };
		065C6ECE2B90F5CA00208BB4 /* AddNarratorView.swift */ = {isa = PBXFileReference; fileEncoding = 4; lastKnownFileType = sourcecode.swift; path = AddNarratorView.swift; sourceTree = "<group>"; };
		065C6ECF2B90F5CA00208BB4 /* AddCoAuthorView.swift */ = {isa = PBXFileReference; fileEncoding = 4; lastKnownFileType = sourcecode.swift; path = AddCoAuthorView.swift; sourceTree = "<group>"; };
		065C6ED22B90F66000208BB4 /* NarratorListView.swift */ = {isa = PBXFileReference; fileEncoding = 4; lastKnownFileType = sourcecode.swift; path = NarratorListView.swift; sourceTree = "<group>"; };
		065C6ED32B90F66000208BB4 /* AuthorsWorksView.swift */ = {isa = PBXFileReference; fileEncoding = 4; lastKnownFileType = sourcecode.swift; path = AuthorsWorksView.swift; sourceTree = "<group>"; };
		065C6ED82B90F79A00208BB4 /* EditNarrator.swift */ = {isa = PBXFileReference; fileEncoding = 4; lastKnownFileType = sourcecode.swift; path = EditNarrator.swift; sourceTree = "<group>"; };
		065C6EDA2B90F82D00208BB4 /* EditTitleDetails.swift */ = {isa = PBXFileReference; fileEncoding = 4; lastKnownFileType = sourcecode.swift; path = EditTitleDetails.swift; sourceTree = "<group>"; };
		065C6EDC2B90F89B00208BB4 /* AddTitleDetailsView.swift */ = {isa = PBXFileReference; fileEncoding = 4; lastKnownFileType = sourcecode.swift; path = AddTitleDetailsView.swift; sourceTree = "<group>"; };
		065C6EE92B912A8200208BB4 /* CustomButtonStyle.swift */ = {isa = PBXFileReference; lastKnownFileType = sourcecode.swift; path = CustomButtonStyle.swift; sourceTree = "<group>"; };
		0690343E2B965C5A00F8FE31 /* SearchResultsExtension.swift */ = {isa = PBXFileReference; fileEncoding = 4; lastKnownFileType = sourcecode.swift; path = SearchResultsExtension.swift; sourceTree = "<group>"; };
		0690343F2B965C5A00F8FE31 /* Search.swift */ = {isa = PBXFileReference; fileEncoding = 4; lastKnownFileType = sourcecode.swift; path = Search.swift; sourceTree = "<group>"; };
		069034442B9F87E000F8FE31 /* CoAuthorsAndNarratorsView.swift */ = {isa = PBXFileReference; lastKnownFileType = sourcecode.swift; path = CoAuthorsAndNarratorsView.swift; sourceTree = "<group>"; };
		069034462B9F8AFE00F8FE31 /* CoAuthorsAndNarratorsExtension.swift */ = {isa = PBXFileReference; lastKnownFileType = sourcecode.swift; path = CoAuthorsAndNarratorsExtension.swift; sourceTree = "<group>"; };
		06C1550C2B5C3354005D2635 /* TitlesView.swift */ = {isa = PBXFileReference; lastKnownFileType = sourcecode.swift; path = TitlesView.swift; sourceTree = "<group>"; };
		06C155162B5DE714005D2635 /* NameFormatter.swift */ = {isa = PBXFileReference; fileEncoding = 4; lastKnownFileType = sourcecode.swift; path = NameFormatter.swift; sourceTree = "<group>"; };
		06C1551B2B5EDF1E005D2635 /* Launch Screen.storyboard */ = {isa = PBXFileReference; fileEncoding = 4; lastKnownFileType = file.storyboard; path = "Launch Screen.storyboard"; sourceTree = "<group>"; };
		06C1551C2B5EDF1E005D2635 /* Logger.swift */ = {isa = PBXFileReference; fileEncoding = 4; lastKnownFileType = sourcecode.swift; path = Logger.swift; sourceTree = "<group>"; };
		06C155272B61B89F005D2635 /* About.swift */ = {isa = PBXFileReference; fileEncoding = 4; lastKnownFileType = sourcecode.swift; path = About.swift; sourceTree = "<group>"; };
		06C155292B61BB59005D2635 /* EditAuthorView.swift */ = {isa = PBXFileReference; lastKnownFileType = sourcecode.swift; path = EditAuthorView.swift; sourceTree = "<group>"; };
		06C4ED3A2B67F93500F866B3 /* AuthorsView.swift */ = {isa = PBXFileReference; lastKnownFileType = sourcecode.swift; path = AuthorsView.swift; sourceTree = "<group>"; };
		06C4ED5B2B6C2DC400F866B3 /* NewAuthorView.swift */ = {isa = PBXFileReference; lastKnownFileType = sourcecode.swift; path = NewAuthorView.swift; sourceTree = "<group>"; };
		06EBEB672B8FE9FF00CEFC63 /* Persistence.swift */ = {isa = PBXFileReference; fileEncoding = 4; lastKnownFileType = sourcecode.swift; path = Persistence.swift; sourceTree = "<group>"; };
		06EBEB6B2B8FF16E00CEFC63 /* Author+CoreDataProperties.swift */ = {isa = PBXFileReference; fileEncoding = 4; lastKnownFileType = sourcecode.swift; path = "Author+CoreDataProperties.swift"; sourceTree = "<group>"; };
		06EBEB6C2B8FF16E00CEFC63 /* TitleDetails+CoreDataClass.swift */ = {isa = PBXFileReference; fileEncoding = 4; lastKnownFileType = sourcecode.swift; path = "TitleDetails+CoreDataClass.swift"; sourceTree = "<group>"; };
		06EBEB6D2B8FF16E00CEFC63 /* Title+CoreDataClass.swift */ = {isa = PBXFileReference; fileEncoding = 4; lastKnownFileType = sourcecode.swift; path = "Title+CoreDataClass.swift"; sourceTree = "<group>"; };
		06EBEB6E2B8FF16E00CEFC63 /* TitleNarrator+CoreDataClass.swift */ = {isa = PBXFileReference; fileEncoding = 4; lastKnownFileType = sourcecode.swift; path = "TitleNarrator+CoreDataClass.swift"; sourceTree = "<group>"; };
		06EBEB6F2B8FF16E00CEFC63 /* TitleAuthor+CoreDataClass.swift */ = {isa = PBXFileReference; fileEncoding = 4; lastKnownFileType = sourcecode.swift; path = "TitleAuthor+CoreDataClass.swift"; sourceTree = "<group>"; };
		06EBEB712B8FF16E00CEFC63 /* DataModel.xcdatamodel */ = {isa = PBXFileReference; lastKnownFileType = wrapper.xcdatamodel; path = DataModel.xcdatamodel; sourceTree = "<group>"; };
		06EBEB722B8FF16E00CEFC63 /* TitleDetails+CoreDataProperties.swift */ = {isa = PBXFileReference; fileEncoding = 4; lastKnownFileType = sourcecode.swift; path = "TitleDetails+CoreDataProperties.swift"; sourceTree = "<group>"; };
		06EBEB732B8FF16E00CEFC63 /* Author+CoreDataClass.swift */ = {isa = PBXFileReference; fileEncoding = 4; lastKnownFileType = sourcecode.swift; path = "Author+CoreDataClass.swift"; sourceTree = "<group>"; };
		06EBEB742B8FF16E00CEFC63 /* TitleNarrator+CoreDataProperties.swift */ = {isa = PBXFileReference; fileEncoding = 4; lastKnownFileType = sourcecode.swift; path = "TitleNarrator+CoreDataProperties.swift"; sourceTree = "<group>"; };
		06EBEB752B8FF16E00CEFC63 /* TitleAuthor+CoreDataProperties.swift */ = {isa = PBXFileReference; fileEncoding = 4; lastKnownFileType = sourcecode.swift; path = "TitleAuthor+CoreDataProperties.swift"; sourceTree = "<group>"; };
		06EBEB762B8FF16E00CEFC63 /* Title+CoreDataProperties.swift */ = {isa = PBXFileReference; fileEncoding = 4; lastKnownFileType = sourcecode.swift; path = "Title+CoreDataProperties.swift"; sourceTree = "<group>"; };
		06EBEB772B8FF16E00CEFC63 /* Narrator+CoreDataProperties.swift */ = {isa = PBXFileReference; fileEncoding = 4; lastKnownFileType = sourcecode.swift; path = "Narrator+CoreDataProperties.swift"; sourceTree = "<group>"; };
		06EBEB782B8FF16E00CEFC63 /* Narrator+CoreDataClass.swift */ = {isa = PBXFileReference; fileEncoding = 4; lastKnownFileType = sourcecode.swift; path = "Narrator+CoreDataClass.swift"; sourceTree = "<group>"; };
		06EBEB862B9007C600CEFC63 /* AddTitleDetailsViewExtension.swift */ = {isa = PBXFileReference; fileEncoding = 4; lastKnownFileType = sourcecode.swift; path = AddTitleDetailsViewExtension.swift; sourceTree = "<group>"; };
		06EBEB872B9007C600CEFC63 /* AddNarratorExtension.swift */ = {isa = PBXFileReference; fileEncoding = 4; lastKnownFileType = sourcecode.swift; path = AddNarratorExtension.swift; sourceTree = "<group>"; };
		06EBEB882B9007C600CEFC63 /* AddCoAuthorExtension.swift */ = {isa = PBXFileReference; fileEncoding = 4; lastKnownFileType = sourcecode.swift; path = AddCoAuthorExtension.swift; sourceTree = "<group>"; };
		06EBEB892B9007C600CEFC63 /* NewAuthorExtension.swift */ = {isa = PBXFileReference; fileEncoding = 4; lastKnownFileType = sourcecode.swift; path = NewAuthorExtension.swift; sourceTree = "<group>"; };
		06EBEB8E2B9007DA00CEFC63 /* EditTitleDetailsExtension.swift */ = {isa = PBXFileReference; fileEncoding = 4; lastKnownFileType = sourcecode.swift; path = EditTitleDetailsExtension.swift; sourceTree = "<group>"; };
		06EBEB8F2B9007DA00CEFC63 /* EditNarratorExtension.swift */ = {isa = PBXFileReference; fileEncoding = 4; lastKnownFileType = sourcecode.swift; path = EditNarratorExtension.swift; sourceTree = "<group>"; };
		06EBEB902B9007DA00CEFC63 /* EditAuthorExtension.swift */ = {isa = PBXFileReference; fileEncoding = 4; lastKnownFileType = sourcecode.swift; path = EditAuthorExtension.swift; sourceTree = "<group>"; };
		06EBEB942B9007F200CEFC63 /* NarratorExtension.swift */ = {isa = PBXFileReference; fileEncoding = 4; lastKnownFileType = sourcecode.swift; path = NarratorExtension.swift; sourceTree = "<group>"; };
		06EBEB952B9007F200CEFC63 /* AuthorsWorksViewExtension.swift */ = {isa = PBXFileReference; fileEncoding = 4; lastKnownFileType = sourcecode.swift; path = AuthorsWorksViewExtension.swift; sourceTree = "<group>"; };
		06EBEB962B9007F200CEFC63 /* TitleViewExtension.swift */ = {isa = PBXFileReference; fileEncoding = 4; lastKnownFileType = sourcecode.swift; path = TitleViewExtension.swift; sourceTree = "<group>"; };
		06EBEB972B9007F200CEFC63 /* StringExtension.swift */ = {isa = PBXFileReference; fileEncoding = 4; lastKnownFileType = sourcecode.swift; path = StringExtension.swift; sourceTree = "<group>"; };
		06F8D2D72BA8BC9500F04945 /* AuthorsViewExtension.swift */ = {isa = PBXFileReference; lastKnownFileType = sourcecode.swift; path = AuthorsViewExtension.swift; sourceTree = "<group>"; };
/* End PBXFileReference section */

/* Begin PBXFrameworksBuildPhase section */
		060F93802B5B463400CAACDD /* Frameworks */ = {
			isa = PBXFrameworksBuildPhase;
			buildActionMask = 2147483647;
			files = (
			);
			runOnlyForDeploymentPostprocessing = 0;
		};
/* End PBXFrameworksBuildPhase section */

/* Begin PBXGroup section */
		060F937A2B5B463400CAACDD = {
			isa = PBXGroup;
			children = (
				060F93852B5B463400CAACDD /* LibraryCollection3 */,
				060F93842B5B463400CAACDD /* Products */,
			);
			sourceTree = "<group>";
		};
		060F93842B5B463400CAACDD /* Products */ = {
			isa = PBXGroup;
			children = (
				060F93832B5B463400CAACDD /* LibraryCollection3.app */,
			);
			name = Products;
			sourceTree = "<group>";
		};
		060F93852B5B463400CAACDD /* LibraryCollection3 */ = {
			isa = PBXGroup;
			children = (
				060F93862B5B463400CAACDD /* LibraryCollection3App.swift */,
				060F93882B5B463400CAACDD /* ContentView.swift */,
				06C4ED5A2B6C2D9000F866B3 /* Author */,
				06C4ED5D2B6C314300F866B3 /* Books */,
				069034492B9FB3E000F8FE31 /* CoAuthorsAndNarrators */,
				06C4ED5F2B6C317200F866B3 /* Narrators */,
				0690343D2B965C5A00F8FE31 /* Search */,
				060F93982B5B476200CAACDD /* DataRelated */,
				069034482B9FB3A700F8FE31 /* Helper Files */,
				060F938C2B5B463500CAACDD /* Assets.xcassets */,
				06C1551B2B5EDF1E005D2635 /* Launch Screen.storyboard */,
				060F93922B5B463500CAACDD /* Info.plist */,
				060F93912B5B463500CAACDD /* LibraryCollection3.entitlements */,
				060F938E2B5B463500CAACDD /* Preview Content */,
			);
			path = LibraryCollection3;
			sourceTree = "<group>";
		};
		060F938E2B5B463500CAACDD /* Preview Content */ = {
			isa = PBXGroup;
			children = (
				060F938F2B5B463500CAACDD /* Preview Assets.xcassets */,
			);
			path = "Preview Content";
			sourceTree = "<group>";
		};
		060F93982B5B476200CAACDD /* DataRelated */ = {
			isa = PBXGroup;
			children = (
				06EBEB672B8FE9FF00CEFC63 /* Persistence.swift */,
				06EBEB6A2B8FF10000CEFC63 /* CoreData */,
			);
			path = DataRelated;
			sourceTree = "<group>";
		};
		0690343D2B965C5A00F8FE31 /* Search */ = {
			isa = PBXGroup;
			children = (
				0690343E2B965C5A00F8FE31 /* SearchResultsExtension.swift */,
				0690343F2B965C5A00F8FE31 /* Search.swift */,
			);
			path = Search;
			sourceTree = "<group>";
		};
		069034482B9FB3A700F8FE31 /* Helper Files */ = {
			isa = PBXGroup;
			children = (
				06C155272B61B89F005D2635 /* About.swift */,
				065C6EE92B912A8200208BB4 /* CustomButtonStyle.swift */,
				06C1551C2B5EDF1E005D2635 /* Logger.swift */,
				06C155162B5DE714005D2635 /* NameFormatter.swift */,
				06EBEB972B9007F200CEFC63 /* StringExtension.swift */,
			);
			path = "Helper Files";
			sourceTree = "<group>";
		};
		069034492B9FB3E000F8FE31 /* CoAuthorsAndNarrators */ = {
			isa = PBXGroup;
			children = (
				069034442B9F87E000F8FE31 /* CoAuthorsAndNarratorsView.swift */,
				069034462B9F8AFE00F8FE31 /* CoAuthorsAndNarratorsExtension.swift */,
			);
			path = CoAuthorsAndNarrators;
			sourceTree = "<group>";
		};
		06C4ED5A2B6C2D9000F866B3 /* Author */ = {
			isa = PBXGroup;
			children = (
				06C155292B61BB59005D2635 /* EditAuthorView.swift */,
				06EBEB902B9007DA00CEFC63 /* EditAuthorExtension.swift */,
				06C4ED3A2B67F93500F866B3 /* AuthorsView.swift */,
				06C4ED5B2B6C2DC400F866B3 /* NewAuthorView.swift */,
				06EBEB892B9007C600CEFC63 /* NewAuthorExtension.swift */,
				065C6ECF2B90F5CA00208BB4 /* AddCoAuthorView.swift */,
				06EBEB882B9007C600CEFC63 /* AddCoAuthorExtension.swift */,
				065C6ED32B90F66000208BB4 /* AuthorsWorksView.swift */,
				06EBEB952B9007F200CEFC63 /* AuthorsWorksViewExtension.swift */,
				06F8D2D72BA8BC9500F04945 /* AuthorsViewExtension.swift */,
			);
			path = Author;
			sourceTree = "<group>";
		};
		06C4ED5D2B6C314300F866B3 /* Books */ = {
			isa = PBXGroup;
			children = (
				065C6EDC2B90F89B00208BB4 /* AddTitleDetailsView.swift */,
				06EBEB862B9007C600CEFC63 /* AddTitleDetailsViewExtension.swift */,
				065C6EDA2B90F82D00208BB4 /* EditTitleDetails.swift */,
				06EBEB8E2B9007DA00CEFC63 /* EditTitleDetailsExtension.swift */,
				06C1550C2B5C3354005D2635 /* TitlesView.swift */,
				06EBEB962B9007F200CEFC63 /* TitleViewExtension.swift */,
			);
			path = Books;
			sourceTree = "<group>";
		};
		06C4ED5F2B6C317200F866B3 /* Narrators */ = {
			isa = PBXGroup;
			children = (
				065C6ED22B90F66000208BB4 /* NarratorListView.swift */,
				06EBEB942B9007F200CEFC63 /* NarratorExtension.swift */,
				065C6ECE2B90F5CA00208BB4 /* AddNarratorView.swift */,
				06EBEB872B9007C600CEFC63 /* AddNarratorExtension.swift */,
				065C6ED82B90F79A00208BB4 /* EditNarrator.swift */,
				06EBEB8F2B9007DA00CEFC63 /* EditNarratorExtension.swift */,
			);
			path = Narrators;
			sourceTree = "<group>";
		};
		06EBEB6A2B8FF10000CEFC63 /* CoreData */ = {
			isa = PBXGroup;
			children = (
				06EBEB732B8FF16E00CEFC63 /* Author+CoreDataClass.swift */,
				06EBEB6B2B8FF16E00CEFC63 /* Author+CoreDataProperties.swift */,
				06EBEB702B8FF16E00CEFC63 /* DataModel.xcdatamodeld */,
				06EBEB782B8FF16E00CEFC63 /* Narrator+CoreDataClass.swift */,
				06EBEB772B8FF16E00CEFC63 /* Narrator+CoreDataProperties.swift */,
				06EBEB6D2B8FF16E00CEFC63 /* Title+CoreDataClass.swift */,
				06EBEB762B8FF16E00CEFC63 /* Title+CoreDataProperties.swift */,
				06EBEB6F2B8FF16E00CEFC63 /* TitleAuthor+CoreDataClass.swift */,
				06EBEB752B8FF16E00CEFC63 /* TitleAuthor+CoreDataProperties.swift */,
				06EBEB6C2B8FF16E00CEFC63 /* TitleDetails+CoreDataClass.swift */,
				06EBEB722B8FF16E00CEFC63 /* TitleDetails+CoreDataProperties.swift */,
				06EBEB6E2B8FF16E00CEFC63 /* TitleNarrator+CoreDataClass.swift */,
				06EBEB742B8FF16E00CEFC63 /* TitleNarrator+CoreDataProperties.swift */,
			);
			path = CoreData;
			sourceTree = "<group>";
		};
/* End PBXGroup section */

/* Begin PBXNativeTarget section */
		060F93822B5B463400CAACDD /* LibraryCollection3 */ = {
			isa = PBXNativeTarget;
			buildConfigurationList = 060F93952B5B463500CAACDD /* Build configuration list for PBXNativeTarget "LibraryCollection3" */;
			buildPhases = (
				060F937F2B5B463400CAACDD /* Sources */,
				060F93802B5B463400CAACDD /* Frameworks */,
				060F93812B5B463400CAACDD /* Resources */,
			);
			buildRules = (
			);
			dependencies = (
			);
			name = LibraryCollection3;
			productName = LibraryCollectionSwiftData;
			productReference = 060F93832B5B463400CAACDD /* LibraryCollection3.app */;
			productType = "com.apple.product-type.application";
		};
/* End PBXNativeTarget section */

/* Begin PBXProject section */
		060F937B2B5B463400CAACDD /* Project object */ = {
			isa = PBXProject;
			attributes = {
				BuildIndependentTargetsInParallel = 1;
				LastSwiftUpdateCheck = 1520;
				LastUpgradeCheck = 1520;
				TargetAttributes = {
					060F93822B5B463400CAACDD = {
						CreatedOnToolsVersion = 15.2;
					};
				};
			};
			buildConfigurationList = 060F937E2B5B463400CAACDD /* Build configuration list for PBXProject "LibraryCollection3" */;
			compatibilityVersion = "Xcode 14.0";
			developmentRegion = en;
			hasScannedForEncodings = 0;
			knownRegions = (
				en,
				Base,
			);
			mainGroup = 060F937A2B5B463400CAACDD;
			productRefGroup = 060F93842B5B463400CAACDD /* Products */;
			projectDirPath = "";
			projectRoot = "";
			targets = (
				060F93822B5B463400CAACDD /* LibraryCollection3 */,
			);
		};
/* End PBXProject section */

/* Begin PBXResourcesBuildPhase section */
		060F93812B5B463400CAACDD /* Resources */ = {
			isa = PBXResourcesBuildPhase;
			buildActionMask = 2147483647;
			files = (
				06C1551D2B5EDF1E005D2635 /* Launch Screen.storyboard in Resources */,
				060F93902B5B463500CAACDD /* Preview Assets.xcassets in Resources */,
				060F938D2B5B463500CAACDD /* Assets.xcassets in Resources */,
			);
			runOnlyForDeploymentPostprocessing = 0;
		};
/* End PBXResourcesBuildPhase section */

/* Begin PBXSourcesBuildPhase section */
		060F937F2B5B463400CAACDD /* Sources */ = {
			isa = PBXSourcesBuildPhase;
			buildActionMask = 2147483647;
			files = (
				06EBEB982B9007F200CEFC63 /* NarratorExtension.swift in Sources */,
				065C6EEA2B912A8200208BB4 /* CustomButtonStyle.swift in Sources */,
				06EBEB812B8FF16E00CEFC63 /* TitleNarrator+CoreDataProperties.swift in Sources */,
				06EBEB852B8FF16E00CEFC63 /* Narrator+CoreDataClass.swift in Sources */,
				06F8D2D82BA8BC9500F04945 /* AuthorsViewExtension.swift in Sources */,
				065C6ED02B90F5CA00208BB4 /* AddNarratorView.swift in Sources */,
				065C6ED12B90F5CA00208BB4 /* AddCoAuthorView.swift in Sources */,
				069034472B9F8AFE00F8FE31 /* CoAuthorsAndNarratorsExtension.swift in Sources */,
				06EBEB992B9007F200CEFC63 /* AuthorsWorksViewExtension.swift in Sources */,
				06EBEB8B2B9007C600CEFC63 /* AddNarratorExtension.swift in Sources */,
				06EBEB832B8FF16E00CEFC63 /* Title+CoreDataProperties.swift in Sources */,
				065C6ED42B90F66000208BB4 /* NarratorListView.swift in Sources */,
				06C1552A2B61BB59005D2635 /* EditAuthorView.swift in Sources */,
				06EBEB822B8FF16E00CEFC63 /* TitleAuthor+CoreDataProperties.swift in Sources */,
				060F93892B5B463400CAACDD /* ContentView.swift in Sources */,
				06EBEB802B8FF16E00CEFC63 /* Author+CoreDataClass.swift in Sources */,
				06C4ED5C2B6C2DC400F866B3 /* NewAuthorView.swift in Sources */,
				06EBEB922B9007DA00CEFC63 /* EditNarratorExtension.swift in Sources */,
				06EBEB8C2B9007C600CEFC63 /* AddCoAuthorExtension.swift in Sources */,
				06EBEB7B2B8FF16E00CEFC63 /* Title+CoreDataClass.swift in Sources */,
				065C6EDB2B90F82D00208BB4 /* EditTitleDetails.swift in Sources */,
				06EBEB792B8FF16E00CEFC63 /* Author+CoreDataProperties.swift in Sources */,
				06EBEB8A2B9007C600CEFC63 /* AddTitleDetailsViewExtension.swift in Sources */,
				06EBEB682B8FE9FF00CEFC63 /* Persistence.swift in Sources */,
				069034412B965C5A00F8FE31 /* Search.swift in Sources */,
				06EBEB7D2B8FF16E00CEFC63 /* TitleAuthor+CoreDataClass.swift in Sources */,
				06EBEB8D2B9007C600CEFC63 /* NewAuthorExtension.swift in Sources */,
				069034452B9F87E000F8FE31 /* CoAuthorsAndNarratorsView.swift in Sources */,
				06C155172B5DE714005D2635 /* NameFormatter.swift in Sources */,
				06EBEB9B2B9007F200CEFC63 /* StringExtension.swift in Sources */,
				065C6ED92B90F79A00208BB4 /* EditNarrator.swift in Sources */,
				065C6ED52B90F66000208BB4 /* AuthorsWorksView.swift in Sources */,
				060F93872B5B463400CAACDD /* LibraryCollection3App.swift in Sources */,
				065C6EDD2B90F89B00208BB4 /* AddTitleDetailsView.swift in Sources */,
				06EBEB7C2B8FF16E00CEFC63 /* TitleNarrator+CoreDataClass.swift in Sources */,
				06C1551E2B5EDF1E005D2635 /* Logger.swift in Sources */,
				06C1550D2B5C3354005D2635 /* TitlesView.swift in Sources */,
				069034402B965C5A00F8FE31 /* SearchResultsExtension.swift in Sources */,
				06C155282B61B89F005D2635 /* About.swift in Sources */,
				06EBEB9A2B9007F200CEFC63 /* TitleViewExtension.swift in Sources */,
				06EBEB912B9007DA00CEFC63 /* EditTitleDetailsExtension.swift in Sources */,
				06EBEB7E2B8FF16E00CEFC63 /* DataModel.xcdatamodeld in Sources */,
				06EBEB842B8FF16E00CEFC63 /* Narrator+CoreDataProperties.swift in Sources */,
				06C4ED3B2B67F93500F866B3 /* AuthorsView.swift in Sources */,
				06EBEB7A2B8FF16E00CEFC63 /* TitleDetails+CoreDataClass.swift in Sources */,
				06EBEB932B9007DA00CEFC63 /* EditAuthorExtension.swift in Sources */,
				06EBEB7F2B8FF16E00CEFC63 /* TitleDetails+CoreDataProperties.swift in Sources */,
			);
			runOnlyForDeploymentPostprocessing = 0;
		};
/* End PBXSourcesBuildPhase section */

/* Begin XCBuildConfiguration section */
		060F93932B5B463500CAACDD /* Debug */ = {
			isa = XCBuildConfiguration;
			buildSettings = {
				ALWAYS_SEARCH_USER_PATHS = NO;
				ASSETCATALOG_COMPILER_GENERATE_SWIFT_ASSET_SYMBOL_EXTENSIONS = YES;
				CLANG_ANALYZER_NONNULL = YES;
				CLANG_ANALYZER_NUMBER_OBJECT_CONVERSION = YES_AGGRESSIVE;
				CLANG_CXX_LANGUAGE_STANDARD = "gnu++20";
				CLANG_ENABLE_MODULES = YES;
				CLANG_ENABLE_OBJC_ARC = YES;
				CLANG_ENABLE_OBJC_WEAK = YES;
				CLANG_WARN_BLOCK_CAPTURE_AUTORELEASING = YES;
				CLANG_WARN_BOOL_CONVERSION = YES;
				CLANG_WARN_COMMA = YES;
				CLANG_WARN_CONSTANT_CONVERSION = YES;
				CLANG_WARN_DEPRECATED_OBJC_IMPLEMENTATIONS = YES;
				CLANG_WARN_DIRECT_OBJC_ISA_USAGE = YES_ERROR;
				CLANG_WARN_DOCUMENTATION_COMMENTS = YES;
				CLANG_WARN_EMPTY_BODY = YES;
				CLANG_WARN_ENUM_CONVERSION = YES;
				CLANG_WARN_INFINITE_RECURSION = YES;
				CLANG_WARN_INT_CONVERSION = YES;
				CLANG_WARN_NON_LITERAL_NULL_CONVERSION = YES;
				CLANG_WARN_OBJC_IMPLICIT_RETAIN_SELF = YES;
				CLANG_WARN_OBJC_LITERAL_CONVERSION = YES;
				CLANG_WARN_OBJC_ROOT_CLASS = YES_ERROR;
				CLANG_WARN_QUOTED_INCLUDE_IN_FRAMEWORK_HEADER = YES;
				CLANG_WARN_RANGE_LOOP_ANALYSIS = YES;
				CLANG_WARN_STRICT_PROTOTYPES = YES;
				CLANG_WARN_SUSPICIOUS_MOVE = YES;
				CLANG_WARN_UNGUARDED_AVAILABILITY = YES_AGGRESSIVE;
				CLANG_WARN_UNREACHABLE_CODE = YES;
				CLANG_WARN__DUPLICATE_METHOD_MATCH = YES;
				COPY_PHASE_STRIP = NO;
				DEBUG_INFORMATION_FORMAT = dwarf;
				ENABLE_STRICT_OBJC_MSGSEND = YES;
				ENABLE_TESTABILITY = YES;
				ENABLE_USER_SCRIPT_SANDBOXING = YES;
				GCC_C_LANGUAGE_STANDARD = gnu17;
				GCC_DYNAMIC_NO_PIC = NO;
				GCC_NO_COMMON_BLOCKS = YES;
				GCC_OPTIMIZATION_LEVEL = 0;
				GCC_PREPROCESSOR_DEFINITIONS = (
					"DEBUG=1",
					"$(inherited)",
				);
				GCC_WARN_64_TO_32_BIT_CONVERSION = YES;
				GCC_WARN_ABOUT_RETURN_TYPE = YES_ERROR;
				GCC_WARN_UNDECLARED_SELECTOR = YES;
				GCC_WARN_UNINITIALIZED_AUTOS = YES_AGGRESSIVE;
				GCC_WARN_UNUSED_FUNCTION = YES;
				GCC_WARN_UNUSED_VARIABLE = YES;
				INFOPLIST_KEY_LSApplicationCategoryType = "public.app-category.lifestyle";
				IPHONEOS_DEPLOYMENT_TARGET = 17.2;
				LOCALIZATION_PREFERS_STRING_CATALOGS = YES;
				MTL_ENABLE_DEBUG_INFO = INCLUDE_SOURCE;
				MTL_FAST_MATH = YES;
				ONLY_ACTIVE_ARCH = YES;
				SDKROOT = iphoneos;
				SWIFT_ACTIVE_COMPILATION_CONDITIONS = "DEBUG $(inherited)";
				SWIFT_OPTIMIZATION_LEVEL = "-Onone";
			};
			name = Debug;
		};
		060F93942B5B463500CAACDD /* Release */ = {
			isa = XCBuildConfiguration;
			buildSettings = {
				ALWAYS_SEARCH_USER_PATHS = NO;
				ASSETCATALOG_COMPILER_GENERATE_SWIFT_ASSET_SYMBOL_EXTENSIONS = YES;
				CLANG_ANALYZER_NONNULL = YES;
				CLANG_ANALYZER_NUMBER_OBJECT_CONVERSION = YES_AGGRESSIVE;
				CLANG_CXX_LANGUAGE_STANDARD = "gnu++20";
				CLANG_ENABLE_MODULES = YES;
				CLANG_ENABLE_OBJC_ARC = YES;
				CLANG_ENABLE_OBJC_WEAK = YES;
				CLANG_WARN_BLOCK_CAPTURE_AUTORELEASING = YES;
				CLANG_WARN_BOOL_CONVERSION = YES;
				CLANG_WARN_COMMA = YES;
				CLANG_WARN_CONSTANT_CONVERSION = YES;
				CLANG_WARN_DEPRECATED_OBJC_IMPLEMENTATIONS = YES;
				CLANG_WARN_DIRECT_OBJC_ISA_USAGE = YES_ERROR;
				CLANG_WARN_DOCUMENTATION_COMMENTS = YES;
				CLANG_WARN_EMPTY_BODY = YES;
				CLANG_WARN_ENUM_CONVERSION = YES;
				CLANG_WARN_INFINITE_RECURSION = YES;
				CLANG_WARN_INT_CONVERSION = YES;
				CLANG_WARN_NON_LITERAL_NULL_CONVERSION = YES;
				CLANG_WARN_OBJC_IMPLICIT_RETAIN_SELF = YES;
				CLANG_WARN_OBJC_LITERAL_CONVERSION = YES;
				CLANG_WARN_OBJC_ROOT_CLASS = YES_ERROR;
				CLANG_WARN_QUOTED_INCLUDE_IN_FRAMEWORK_HEADER = YES;
				CLANG_WARN_RANGE_LOOP_ANALYSIS = YES;
				CLANG_WARN_STRICT_PROTOTYPES = YES;
				CLANG_WARN_SUSPICIOUS_MOVE = YES;
				CLANG_WARN_UNGUARDED_AVAILABILITY = YES_AGGRESSIVE;
				CLANG_WARN_UNREACHABLE_CODE = YES;
				CLANG_WARN__DUPLICATE_METHOD_MATCH = YES;
				COPY_PHASE_STRIP = NO;
				DEBUG_INFORMATION_FORMAT = "dwarf-with-dsym";
				ENABLE_NS_ASSERTIONS = NO;
				ENABLE_STRICT_OBJC_MSGSEND = YES;
				ENABLE_USER_SCRIPT_SANDBOXING = YES;
				GCC_C_LANGUAGE_STANDARD = gnu17;
				GCC_NO_COMMON_BLOCKS = YES;
				GCC_WARN_64_TO_32_BIT_CONVERSION = YES;
				GCC_WARN_ABOUT_RETURN_TYPE = YES_ERROR;
				GCC_WARN_UNDECLARED_SELECTOR = YES;
				GCC_WARN_UNINITIALIZED_AUTOS = YES_AGGRESSIVE;
				GCC_WARN_UNUSED_FUNCTION = YES;
				GCC_WARN_UNUSED_VARIABLE = YES;
				INFOPLIST_KEY_LSApplicationCategoryType = "public.app-category.lifestyle";
				IPHONEOS_DEPLOYMENT_TARGET = 17.2;
				LOCALIZATION_PREFERS_STRING_CATALOGS = YES;
				MTL_ENABLE_DEBUG_INFO = NO;
				MTL_FAST_MATH = YES;
				SDKROOT = iphoneos;
				SWIFT_COMPILATION_MODE = wholemodule;
				VALIDATE_PRODUCT = YES;
			};
			name = Release;
		};
		060F93962B5B463500CAACDD /* Debug */ = {
			isa = XCBuildConfiguration;
			buildSettings = {
				ASSETCATALOG_COMPILER_APPICON_NAME = AppIcon;
				ASSETCATALOG_COMPILER_GLOBAL_ACCENT_COLOR_NAME = AccentColor;
				ASSETCATALOG_COMPILER_INCLUDE_ALL_APPICON_ASSETS = YES;
				CODE_SIGN_ENTITLEMENTS = LibraryCollection3/LibraryCollection3.entitlements;
				CODE_SIGN_STYLE = Automatic;
				CURRENT_PROJECT_VERSION = 1;
				DEVELOPMENT_ASSET_PATHS = "\"LibraryCollection3/Preview Content\"";
				DEVELOPMENT_TEAM = X5W96NXHAE;
				ENABLE_PREVIEWS = YES;
				GENERATE_INFOPLIST_FILE = YES;
				INFOPLIST_FILE = LibraryCollection3/Info.plist;
				INFOPLIST_KEY_CFBundleDisplayName = "Library Collection";
				INFOPLIST_KEY_LSApplicationCategoryType = "public.app-category.lifestyle";
				INFOPLIST_KEY_UIApplicationSceneManifest_Generation = YES;
				INFOPLIST_KEY_UIApplicationSupportsIndirectInputEvents = YES;
				INFOPLIST_KEY_UILaunchScreen_Generation = YES;
				INFOPLIST_KEY_UILaunchStoryboardName = "Launch Screen.storyboard";
				INFOPLIST_KEY_UISupportedInterfaceOrientations = "UIInterfaceOrientationLandscapeLeft UIInterfaceOrientationLandscapeRight UIInterfaceOrientationPortrait UIInterfaceOrientationPortraitUpsideDown";
				LD_RUNPATH_SEARCH_PATHS = (
					"$(inherited)",
					"@executable_path/Frameworks",
				);
				MARKETING_VERSION = 3.0;
				PRODUCT_BUNDLE_IDENTIFIER = com.riverthree.LibraryCollection3;
				PRODUCT_NAME = "$(TARGET_NAME)";
				SWIFT_EMIT_LOC_STRINGS = YES;
				SWIFT_VERSION = 5.0;
				TARGETED_DEVICE_FAMILY = "1,2";
			};
			name = Debug;
		};
		060F93972B5B463500CAACDD /* Release */ = {
			isa = XCBuildConfiguration;
			buildSettings = {
				ASSETCATALOG_COMPILER_APPICON_NAME = AppIcon;
				ASSETCATALOG_COMPILER_GLOBAL_ACCENT_COLOR_NAME = AccentColor;
				ASSETCATALOG_COMPILER_INCLUDE_ALL_APPICON_ASSETS = YES;
				CODE_SIGN_ENTITLEMENTS = LibraryCollection3/LibraryCollection3.entitlements;
				CODE_SIGN_STYLE = Automatic;
				CURRENT_PROJECT_VERSION = 1;
				DEVELOPMENT_ASSET_PATHS = "\"LibraryCollection3/Preview Content\"";
				DEVELOPMENT_TEAM = X5W96NXHAE;
				ENABLE_PREVIEWS = YES;
				GENERATE_INFOPLIST_FILE = YES;
				INFOPLIST_FILE = LibraryCollection3/Info.plist;
				INFOPLIST_KEY_CFBundleDisplayName = "Library Collection";
				INFOPLIST_KEY_LSApplicationCategoryType = "public.app-category.lifestyle";
				INFOPLIST_KEY_UIApplicationSceneManifest_Generation = YES;
				INFOPLIST_KEY_UIApplicationSupportsIndirectInputEvents = YES;
				INFOPLIST_KEY_UILaunchScreen_Generation = YES;
				INFOPLIST_KEY_UILaunchStoryboardName = "Launch Screen.storyboard";
				INFOPLIST_KEY_UISupportedInterfaceOrientations = "UIInterfaceOrientationLandscapeLeft UIInterfaceOrientationLandscapeRight UIInterfaceOrientationPortrait UIInterfaceOrientationPortraitUpsideDown";
				LD_RUNPATH_SEARCH_PATHS = (
					"$(inherited)",
					"@executable_path/Frameworks",
				);
				MARKETING_VERSION = 3.0;
				PRODUCT_BUNDLE_IDENTIFIER = com.riverthree.LibraryCollection3;
				PRODUCT_NAME = "$(TARGET_NAME)";
				SWIFT_EMIT_LOC_STRINGS = YES;
				SWIFT_VERSION = 5.0;
				TARGETED_DEVICE_FAMILY = "1,2";
			};
			name = Release;
		};
/* End XCBuildConfiguration section */

/* Begin XCConfigurationList section */
		060F937E2B5B463400CAACDD /* Build configuration list for PBXProject "LibraryCollection3" */ = {
			isa = XCConfigurationList;
			buildConfigurations = (
				060F93932B5B463500CAACDD /* Debug */,
				060F93942B5B463500CAACDD /* Release */,
			);
			defaultConfigurationIsVisible = 0;
			defaultConfigurationName = Release;
		};
		060F93952B5B463500CAACDD /* Build configuration list for PBXNativeTarget "LibraryCollection3" */ = {
			isa = XCConfigurationList;
			buildConfigurations = (
				060F93962B5B463500CAACDD /* Debug */,
				060F93972B5B463500CAACDD /* Release */,
			);
			defaultConfigurationIsVisible = 0;
			defaultConfigurationName = Release;
		};
/* End XCConfigurationList section */

/* Begin XCVersionGroup section */
		06EBEB702B8FF16E00CEFC63 /* DataModel.xcdatamodeld */ = {
			isa = XCVersionGroup;
			children = (
				06EBEB712B8FF16E00CEFC63 /* DataModel.xcdatamodel */,
			);
			currentVersion = 06EBEB712B8FF16E00CEFC63 /* DataModel.xcdatamodel */;
			path = DataModel.xcdatamodeld;
			sourceTree = "<group>";
			versionGroupType = wrapper.xcdatamodel;
		};
/* End XCVersionGroup section */
	};
	rootObject = 060F937B2B5B463400CAACDD /* Project object */;
}
